PODS:
  - Capable (2.0.0)
  - Nimble (8.0.9)
  - Quick (2.2.1)

DEPENDENCIES:
  - Capable (from `../`)
  - Nimble (~> 8.0.4)
  - Quick (~> 2.2.0)

SPEC REPOS:
  trunk:
    - Nimble
    - Quick

EXTERNAL SOURCES:
  Capable:
    :path: "../"

SPEC CHECKSUMS:
  Capable: 15719b228827ef195e7b5aec14beddd2dc44b093
  Nimble: 98b888285a615fd34f20e61753cf58ea1402bde4
  Quick: f5754d69b7013f5864c29aab9ae6f0c79c5bc200

PODFILE CHECKSUM: 4e457db81b288effc3581f54a2b3c64d9754c41d

COCOAPODS: 1.10.1
