// !$*UTF8*$!
{
	archiveVersion = 1;
	classes = {
	};
	objectVersion = 48;
	objects = {

/* Begin PBXBuildFile section */
		831B4F1E20A4D4F200F1BB94 /* Main.storyboard in Resources */ = {isa = PBXBuildFile; fileRef = 831B4F1C20A4D4F200F1BB94 /* Main.storyboard */; };
		831B4F2720A4DDCB00F1BB94 /* AppDelegate.swift in Sources */ = {isa = PBXBuildFile; fileRef = 83C6F6252078138E00F0C74D /* AppDelegate.swift */; };
		831B4F2820A4DDCE00F1BB94 /* FeatureOverviewController.swift in Sources */ = {isa = PBXBuildFile; fileRef = 83C6F62A2078138E00F0C74D /* FeatureOverviewController.swift */; };
		831B4F2920A4DDD100F1BB94 /* FontsViewController.swift in Sources */ = {isa = PBXBuildFile; fileRef = 83C6F62B2078138E00F0C74D /* FontsViewController.swift */; };
		831B4F2A20A4DDD800F1BB94 /* Assets.xcassets in Resources */ = {isa = PBXBuildFile; fileRef = 83C6F6212078138D00F0C74D /* Assets.xcassets */; };
		831B4F2B20A4DDDC00F1BB94 /* Cardo-Regular.ttf in Resources */ = {isa = PBXBuildFile; fileRef = 83C6F6232078138D00F0C74D /* Cardo-Regular.ttf */; };
		831B4F2C20A4DF0B00F1BB94 /* Capable.framework in Frameworks */ = {isa = PBXBuildFile; fileRef = 831B4F2D20A4DF0B00F1BB94 /* Capable.framework */; };
		837C191A20AA27970003D237 /* Interface.storyboard in Resources */ = {isa = PBXBuildFile; fileRef = 837C191820AA27970003D237 /* Interface.storyboard */; };
		837C192320AA27970003D237 /* Example-watchOS Extension.appex in Embed App Extensions */ = {isa = PBXBuildFile; fileRef = 837C192220AA27970003D237 /* Example-watchOS Extension.appex */; settings = {ATTRIBUTES = (RemoveHeadersOnCopy, ); }; };
		837C192A20AA27970003D237 /* ExtensionDelegate.swift in Sources */ = {isa = PBXBuildFile; fileRef = 837C192920AA27970003D237 /* ExtensionDelegate.swift */; };
		837C192C20AA27970003D237 /* Assets.xcassets in Resources */ = {isa = PBXBuildFile; fileRef = 837C192B20AA27970003D237 /* Assets.xcassets */; };
		837C193020AA27970003D237 /* Example-watchOS.app in Embed Watch Content */ = {isa = PBXBuildFile; fileRef = 837C191620AA27960003D237 /* Example-watchOS.app */; };
		837C193920AA27F10003D237 /* FeatureOverviewController.swift in Sources */ = {isa = PBXBuildFile; fileRef = 837C193820AA27F10003D237 /* FeatureOverviewController.swift */; };
		837C193B20AA2D960003D237 /* FeatureRowController.swift in Sources */ = {isa = PBXBuildFile; fileRef = 837C193A20AA2D960003D237 /* FeatureRowController.swift */; };
		837C193D20AA32710003D237 /* Assets.xcassets in Resources */ = {isa = PBXBuildFile; fileRef = 83C6F6212078138D00F0C74D /* Assets.xcassets */; };
		83C6F62D2078138E00F0C74D /* Assets.xcassets in Resources */ = {isa = PBXBuildFile; fileRef = 83C6F6212078138D00F0C74D /* Assets.xcassets */; };
		83C6F62E2078138E00F0C74D /* Cardo-Regular.ttf in Resources */ = {isa = PBXBuildFile; fileRef = 83C6F6232078138D00F0C74D /* Cardo-Regular.ttf */; };
		83C6F62F2078138E00F0C74D /* AppDelegate.swift in Sources */ = {isa = PBXBuildFile; fileRef = 83C6F6252078138E00F0C74D /* AppDelegate.swift */; };
		83C6F6302078138E00F0C74D /* LaunchScreen.storyboard in Resources */ = {isa = PBXBuildFile; fileRef = 83C6F6262078138E00F0C74D /* LaunchScreen.storyboard */; };
		83C6F6312078138E00F0C74D /* Main.storyboard in Resources */ = {isa = PBXBuildFile; fileRef = 83C6F6282078138E00F0C74D /* Main.storyboard */; };
		83C6F6322078138E00F0C74D /* FeatureOverviewController.swift in Sources */ = {isa = PBXBuildFile; fileRef = 83C6F62A2078138E00F0C74D /* FeatureOverviewController.swift */; };
		83C6F6332078138E00F0C74D /* FontsViewController.swift in Sources */ = {isa = PBXBuildFile; fileRef = 83C6F62B2078138E00F0C74D /* FontsViewController.swift */; };
		83C6F6342078138E00F0C74D /* Info.plist in Resources */ = {isa = PBXBuildFile; fileRef = 83C6F62C2078138E00F0C74D /* Info.plist */; };
		83CAA3FF2098FC5F003F231D /* Capable.framework in Frameworks */ = {isa = PBXBuildFile; fileRef = 83CAA4002098FC5F003F231D /* Capable.framework */; };
/* End PBXBuildFile section */

/* Begin PBXContainerItemProxy section */
		837C192420AA27970003D237 /* PBXContainerItemProxy */ = {
			isa = PBXContainerItemProxy;
			containerPortal = 83C6F5D420780FE700F0C74D /* Project object */;
			proxyType = 1;
			remoteGlobalIDString = 837C192120AA27970003D237;
			remoteInfo = "Example-watchOS Extension";
		};
		837C192E20AA27970003D237 /* PBXContainerItemProxy */ = {
			isa = PBXContainerItemProxy;
			containerPortal = 83C6F5D420780FE700F0C74D /* Project object */;
			proxyType = 1;
			remoteGlobalIDString = 837C191520AA27960003D237;
			remoteInfo = "Example-watchOS";
		};
/* End PBXContainerItemProxy section */

/* Begin PBXCopyFilesBuildPhase section */
		831B4F5420A4F0AA00F1BB94 /* Embed Watch Content */ = {
			isa = PBXCopyFilesBuildPhase;
			buildActionMask = 2147483647;
			dstPath = "$(CONTENTS_FOLDER_PATH)/Watch";
			dstSubfolderSpec = 16;
			files = (
				837C193020AA27970003D237 /* Example-watchOS.app in Embed Watch Content */,
			);
			name = "Embed Watch Content";
			runOnlyForDeploymentPostprocessing = 0;
		};
		837C193420AA27970003D237 /* Embed App Extensions */ = {
			isa = PBXCopyFilesBuildPhase;
			buildActionMask = 2147483647;
			dstPath = "";
			dstSubfolderSpec = 13;
			files = (
				837C192320AA27970003D237 /* Example-watchOS Extension.appex in Embed App Extensions */,
			);
			name = "Embed App Extensions";
			runOnlyForDeploymentPostprocessing = 0;
		};
/* End PBXCopyFilesBuildPhase section */

/* Begin PBXFileReference section */
		831B4F1420A4D4F200F1BB94 /* Example-tvOS.app */ = {isa = PBXFileReference; explicitFileType = wrapper.application; includeInIndex = 0; path = "Example-tvOS.app"; sourceTree = BUILT_PRODUCTS_DIR; };
		831B4F1D20A4D4F200F1BB94 /* Base */ = {isa = PBXFileReference; lastKnownFileType = file.storyboard; name = Base; path = Base.lproj/Main.storyboard; sourceTree = "<group>"; };
		831B4F2120A4D4F200F1BB94 /* Info.plist */ = {isa = PBXFileReference; lastKnownFileType = text.plist.xml; path = Info.plist; sourceTree = "<group>"; };
		831B4F2D20A4DF0B00F1BB94 /* Capable.framework */ = {isa = PBXFileReference; explicitFileType = wrapper.framework; path = Capable.framework; sourceTree = BUILT_PRODUCTS_DIR; };
		831B4F5920A8D3E600F1BB94 /* Capable.framework */ = {isa = PBXFileReference; explicitFileType = wrapper.framework; path = Capable.framework; sourceTree = BUILT_PRODUCTS_DIR; };
		837C190320A8DF4B0003D237 /* Capable.framework */ = {isa = PBXFileReference; explicitFileType = wrapper.framework; path = Capable.framework; sourceTree = BUILT_PRODUCTS_DIR; };
		837C190520A8DF5F0003D237 /* Capable.framework */ = {isa = PBXFileReference; explicitFileType = wrapper.framework; path = Capable.framework; sourceTree = BUILT_PRODUCTS_DIR; };
		837C190720A8DF9A0003D237 /* Capable.framework */ = {isa = PBXFileReference; explicitFileType = wrapper.framework; path = Capable.framework; sourceTree = BUILT_PRODUCTS_DIR; };
		837C191620AA27960003D237 /* Example-watchOS.app */ = {isa = PBXFileReference; explicitFileType = wrapper.application; includeInIndex = 0; path = "Example-watchOS.app"; sourceTree = BUILT_PRODUCTS_DIR; };
		837C191920AA27970003D237 /* Base */ = {isa = PBXFileReference; lastKnownFileType = file.storyboard; name = Base; path = Base.lproj/Interface.storyboard; sourceTree = "<group>"; };
		837C191D20AA27970003D237 /* Info.plist */ = {isa = PBXFileReference; lastKnownFileType = text.plist.xml; path = Info.plist; sourceTree = "<group>"; };
		837C192220AA27970003D237 /* Example-watchOS Extension.appex */ = {isa = PBXFileReference; explicitFileType = "wrapper.app-extension"; includeInIndex = 0; path = "Example-watchOS Extension.appex"; sourceTree = BUILT_PRODUCTS_DIR; };
		837C192920AA27970003D237 /* ExtensionDelegate.swift */ = {isa = PBXFileReference; lastKnownFileType = sourcecode.swift; path = ExtensionDelegate.swift; sourceTree = "<group>"; };
		837C192B20AA27970003D237 /* Assets.xcassets */ = {isa = PBXFileReference; lastKnownFileType = folder.assetcatalog; path = Assets.xcassets; sourceTree = "<group>"; };
		837C192D20AA27970003D237 /* Info.plist */ = {isa = PBXFileReference; lastKnownFileType = text.plist.xml; path = Info.plist; sourceTree = "<group>"; };
		837C193820AA27F10003D237 /* FeatureOverviewController.swift */ = {isa = PBXFileReference; fileEncoding = 4; lastKnownFileType = sourcecode.swift; path = FeatureOverviewController.swift; sourceTree = "<group>"; };
		837C193A20AA2D960003D237 /* FeatureRowController.swift */ = {isa = PBXFileReference; lastKnownFileType = sourcecode.swift; path = FeatureRowController.swift; sourceTree = "<group>"; };
		83C6F5DC20780FE700F0C74D /* Example-iOS.app */ = {isa = PBXFileReference; explicitFileType = wrapper.application; includeInIndex = 0; path = "Example-iOS.app"; sourceTree = BUILT_PRODUCTS_DIR; };
		83C6F6212078138D00F0C74D /* Assets.xcassets */ = {isa = PBXFileReference; lastKnownFileType = folder.assetcatalog; path = Assets.xcassets; sourceTree = "<group>"; };
		83C6F6232078138D00F0C74D /* Cardo-Regular.ttf */ = {isa = PBXFileReference; lastKnownFileType = file; path = "Cardo-Regular.ttf"; sourceTree = "<group>"; };
		83C6F6252078138E00F0C74D /* AppDelegate.swift */ = {isa = PBXFileReference; fileEncoding = 4; lastKnownFileType = sourcecode.swift; path = AppDelegate.swift; sourceTree = "<group>"; };
		83C6F6272078138E00F0C74D /* Base */ = {isa = PBXFileReference; lastKnownFileType = file.storyboard; name = Base; path = Base.lproj/LaunchScreen.storyboard; sourceTree = "<group>"; };
		83C6F6292078138E00F0C74D /* Base */ = {isa = PBXFileReference; lastKnownFileType = file.storyboard; name = Base; path = Base.lproj/Main.storyboard; sourceTree = "<group>"; };
		83C6F62A2078138E00F0C74D /* FeatureOverviewController.swift */ = {isa = PBXFileReference; fileEncoding = 4; lastKnownFileType = sourcecode.swift; path = FeatureOverviewController.swift; sourceTree = "<group>"; };
		83C6F62B2078138E00F0C74D /* FontsViewController.swift */ = {isa = PBXFileReference; fileEncoding = 4; lastKnownFileType = sourcecode.swift; path = FontsViewController.swift; sourceTree = "<group>"; };
		83C6F62C2078138E00F0C74D /* Info.plist */ = {isa = PBXFileReference; fileEncoding = 4; lastKnownFileType = text.plist.xml; path = Info.plist; sourceTree = "<group>"; };
		83CAA4002098FC5F003F231D /* Capable.framework */ = {isa = PBXFileReference; explicitFileType = wrapper.framework; path = Capable.framework; sourceTree = BUILT_PRODUCTS_DIR; };
/* End PBXFileReference section */

/* Begin PBXFrameworksBuildPhase section */
		831B4F1120A4D4F200F1BB94 /* Frameworks */ = {
			isa = PBXFrameworksBuildPhase;
			buildActionMask = 2147483647;
			files = (
				831B4F2C20A4DF0B00F1BB94 /* Capable.framework in Frameworks */,
			);
			runOnlyForDeploymentPostprocessing = 0;
		};
		837C191F20AA27970003D237 /* Frameworks */ = {
			isa = PBXFrameworksBuildPhase;
			buildActionMask = 2147483647;
			files = (
			);
			runOnlyForDeploymentPostprocessing = 0;
		};
		83C6F5D920780FE700F0C74D /* Frameworks */ = {
			isa = PBXFrameworksBuildPhase;
			buildActionMask = 2147483647;
			files = (
				83CAA3FF2098FC5F003F231D /* Capable.framework in Frameworks */,
			);
			runOnlyForDeploymentPostprocessing = 0;
		};
/* End PBXFrameworksBuildPhase section */

/* Begin PBXGroup section */
		831B4F2520A4D51D00F1BB94 /* iOS */ = {
			isa = PBXGroup;
			children = (
				83C6F6282078138E00F0C74D /* Main.storyboard */,
				83C6F62C2078138E00F0C74D /* Info.plist */,
			);
			path = iOS;
			sourceTree = "<group>";
		};
		831B4F2620A4D53100F1BB94 /* tvOS */ = {
			isa = PBXGroup;
			children = (
				831B4F1C20A4D4F200F1BB94 /* Main.storyboard */,
				831B4F2120A4D4F200F1BB94 /* Info.plist */,
			);
			path = tvOS;
			sourceTree = "<group>";
		};
		837C192620AA27970003D237 /* Extension */ = {
			isa = PBXGroup;
			children = (
				837C192920AA27970003D237 /* ExtensionDelegate.swift */,
				837C193820AA27F10003D237 /* FeatureOverviewController.swift */,
				837C193A20AA2D960003D237 /* FeatureRowController.swift */,
				837C192B20AA27970003D237 /* Assets.xcassets */,
				837C192D20AA27970003D237 /* Info.plist */,
			);
			path = Extension;
			sourceTree = "<group>";
		};
		837C193C20AA31E60003D237 /* watchOS */ = {
			isa = PBXGroup;
			children = (
				837C191820AA27970003D237 /* Interface.storyboard */,
				837C191D20AA27970003D237 /* Info.plist */,
				837C192620AA27970003D237 /* Extension */,
			);
			path = watchOS;
			sourceTree = "<group>";
		};
		83C6F5D320780FE700F0C74D = {
			isa = PBXGroup;
			children = (
				83C6F6202078138D00F0C74D /* Ressources */,
				83C6F6242078138E00F0C74D /* Source */,
				83C6F5DD20780FE700F0C74D /* Products */,
				83C6F6352078189700F0C74D /* Frameworks */,
			);
			sourceTree = "<group>";
		};
		83C6F5DD20780FE700F0C74D /* Products */ = {
			isa = PBXGroup;
			children = (
				83C6F5DC20780FE700F0C74D /* Example-iOS.app */,
				831B4F1420A4D4F200F1BB94 /* Example-tvOS.app */,
				837C191620AA27960003D237 /* Example-watchOS.app */,
				837C192220AA27970003D237 /* Example-watchOS Extension.appex */,
			);
			name = Products;
			sourceTree = "<group>";
		};
		83C6F6202078138D00F0C74D /* Ressources */ = {
			isa = PBXGroup;
			children = (
				83C6F6212078138D00F0C74D /* Assets.xcassets */,
				83C6F6222078138D00F0C74D /* Fonts */,
			);
			path = Ressources;
			sourceTree = "<group>";
		};
		83C6F6222078138D00F0C74D /* Fonts */ = {
			isa = PBXGroup;
			children = (
				83C6F6232078138D00F0C74D /* Cardo-Regular.ttf */,
			);
			path = Fonts;
			sourceTree = "<group>";
		};
		83C6F6242078138E00F0C74D /* Source */ = {
			isa = PBXGroup;
			children = (
				83C6F6252078138E00F0C74D /* AppDelegate.swift */,
				83C6F62A2078138E00F0C74D /* FeatureOverviewController.swift */,
				83C6F62B2078138E00F0C74D /* FontsViewController.swift */,
				831B4F2520A4D51D00F1BB94 /* iOS */,
				831B4F2620A4D53100F1BB94 /* tvOS */,
				837C193C20AA31E60003D237 /* watchOS */,
				83C6F6262078138E00F0C74D /* LaunchScreen.storyboard */,
			);
			path = Source;
			sourceTree = "<group>";
		};
		83C6F6352078189700F0C74D /* Frameworks */ = {
			isa = PBXGroup;
			children = (
				837C190720A8DF9A0003D237 /* Capable.framework */,
				837C190520A8DF5F0003D237 /* Capable.framework */,
				837C190320A8DF4B0003D237 /* Capable.framework */,
				831B4F5920A8D3E600F1BB94 /* Capable.framework */,
				831B4F2D20A4DF0B00F1BB94 /* Capable.framework */,
				83CAA4002098FC5F003F231D /* Capable.framework */,
			);
			name = Frameworks;
			sourceTree = "<group>";
		};
/* End PBXGroup section */

/* Begin PBXNativeTarget section */
		831B4F1320A4D4F200F1BB94 /* Example-tvOS */ = {
			isa = PBXNativeTarget;
			buildConfigurationList = 831B4F2220A4D4F200F1BB94 /* Build configuration list for PBXNativeTarget "Example-tvOS" */;
			buildPhases = (
				831B4F1020A4D4F200F1BB94 /* Sources */,
				831B4F1120A4D4F200F1BB94 /* Frameworks */,
				831B4F1220A4D4F200F1BB94 /* Resources */,
			);
			buildRules = (
			);
			dependencies = (
			);
			name = "Example-tvOS";
			productName = "Example-tvOS";
			productReference = 831B4F1420A4D4F200F1BB94 /* Example-tvOS.app */;
			productType = "com.apple.product-type.application";
		};
		837C191520AA27960003D237 /* Example-watchOS */ = {
			isa = PBXNativeTarget;
			buildConfigurationList = 837C193520AA27970003D237 /* Build configuration list for PBXNativeTarget "Example-watchOS" */;
			buildPhases = (
				837C191420AA27960003D237 /* Resources */,
				837C193420AA27970003D237 /* Embed App Extensions */,
			);
			buildRules = (
			);
			dependencies = (
				837C192520AA27970003D237 /* PBXTargetDependency */,
			);
			name = "Example-watchOS";
			productName = "Example-watchOS";
			productReference = 837C191620AA27960003D237 /* Example-watchOS.app */;
			productType = "com.apple.product-type.application.watchapp2";
		};
		837C192120AA27970003D237 /* Example-watchOS Extension */ = {
			isa = PBXNativeTarget;
			buildConfigurationList = 837C193120AA27970003D237 /* Build configuration list for PBXNativeTarget "Example-watchOS Extension" */;
			buildPhases = (
				837C191E20AA27970003D237 /* Sources */,
				837C191F20AA27970003D237 /* Frameworks */,
				837C192020AA27970003D237 /* Resources */,
			);
			buildRules = (
			);
			dependencies = (
			);
			name = "Example-watchOS Extension";
			productName = "Example-watchOS Extension";
			productReference = 837C192220AA27970003D237 /* Example-watchOS Extension.appex */;
			productType = "com.apple.product-type.watchkit2-extension";
		};
		83C6F5DB20780FE700F0C74D /* Example-iOS */ = {
			isa = PBXNativeTarget;
			buildConfigurationList = 83C6F60420780FE700F0C74D /* Build configuration list for PBXNativeTarget "Example-iOS" */;
			buildPhases = (
				83C6F5D820780FE700F0C74D /* Sources */,
				83C6F5D920780FE700F0C74D /* Frameworks */,
				83C6F5DA20780FE700F0C74D /* Resources */,
				831B4F5420A4F0AA00F1BB94 /* Embed Watch Content */,
			);
			buildRules = (
			);
			dependencies = (
				837C192F20AA27970003D237 /* PBXTargetDependency */,
			);
			name = "Example-iOS";
			productName = Example;
			productReference = 83C6F5DC20780FE700F0C74D /* Example-iOS.app */;
			productType = "com.apple.product-type.application";
		};
/* End PBXNativeTarget section */

/* Begin PBXProject section */
		83C6F5D420780FE700F0C74D /* Project object */ = {
			isa = PBXProject;
			attributes = {
				LastSwiftUpdateCheck = 0920;
				LastUpgradeCheck = 0920;
				ORGANIZATIONNAME = "Christoph Wendt";
				TargetAttributes = {
					831B4F1320A4D4F200F1BB94 = {
						CreatedOnToolsVersion = 9.2;
						ProvisioningStyle = Automatic;
					};
					837C191520AA27960003D237 = {
						CreatedOnToolsVersion = 9.2;
						ProvisioningStyle = Automatic;
					};
					837C192120AA27970003D237 = {
						CreatedOnToolsVersion = 9.2;
						ProvisioningStyle = Automatic;
					};
					83C6F5DB20780FE700F0C74D = {
						CreatedOnToolsVersion = 9.2;
						ProvisioningStyle = Automatic;
					};
				};
			};
			buildConfigurationList = 83C6F5D720780FE700F0C74D /* Build configuration list for PBXProject "Example" */;
			compatibilityVersion = "Xcode 8.0";
			developmentRegion = en;
			hasScannedForEncodings = 0;
			knownRegions = (
				en,
				Base,
			);
			mainGroup = 83C6F5D320780FE700F0C74D;
			productRefGroup = 83C6F5DD20780FE700F0C74D /* Products */;
			projectDirPath = "";
			projectRoot = "";
			targets = (
				83C6F5DB20780FE700F0C74D /* Example-iOS */,
				831B4F1320A4D4F200F1BB94 /* Example-tvOS */,
				837C191520AA27960003D237 /* Example-watchOS */,
				837C192120AA27970003D237 /* Example-watchOS Extension */,
			);
		};
/* End PBXProject section */

/* Begin PBXResourcesBuildPhase section */
		831B4F1220A4D4F200F1BB94 /* Resources */ = {
			isa = PBXResourcesBuildPhase;
			buildActionMask = 2147483647;
			files = (
				831B4F2B20A4DDDC00F1BB94 /* Cardo-Regular.ttf in Resources */,
				831B4F2A20A4DDD800F1BB94 /* Assets.xcassets in Resources */,
				831B4F1E20A4D4F200F1BB94 /* Main.storyboard in Resources */,
			);
			runOnlyForDeploymentPostprocessing = 0;
		};
		837C191420AA27960003D237 /* Resources */ = {
			isa = PBXResourcesBuildPhase;
			buildActionMask = 2147483647;
			files = (
				837C193D20AA32710003D237 /* Assets.xcassets in Resources */,
				837C191A20AA27970003D237 /* Interface.storyboard in Resources */,
			);
			runOnlyForDeploymentPostprocessing = 0;
		};
		837C192020AA27970003D237 /* Resources */ = {
			isa = PBXResourcesBuildPhase;
			buildActionMask = 2147483647;
			files = (
				837C192C20AA27970003D237 /* Assets.xcassets in Resources */,
			);
			runOnlyForDeploymentPostprocessing = 0;
		};
		83C6F5DA20780FE700F0C74D /* Resources */ = {
			isa = PBXResourcesBuildPhase;
			buildActionMask = 2147483647;
			files = (
				83C6F6302078138E00F0C74D /* LaunchScreen.storyboard in Resources */,
				83C6F62D2078138E00F0C74D /* Assets.xcassets in Resources */,
				83C6F62E2078138E00F0C74D /* Cardo-Regular.ttf in Resources */,
				83C6F6342078138E00F0C74D /* Info.plist in Resources */,
				83C6F6312078138E00F0C74D /* Main.storyboard in Resources */,
			);
			runOnlyForDeploymentPostprocessing = 0;
		};
/* End PBXResourcesBuildPhase section */

/* Begin PBXSourcesBuildPhase section */
		831B4F1020A4D4F200F1BB94 /* Sources */ = {
			isa = PBXSourcesBuildPhase;
			buildActionMask = 2147483647;
			files = (
				831B4F2720A4DDCB00F1BB94 /* AppDelegate.swift in Sources */,
				831B4F2920A4DDD100F1BB94 /* FontsViewController.swift in Sources */,
				831B4F2820A4DDCE00F1BB94 /* FeatureOverviewController.swift in Sources */,
			);
			runOnlyForDeploymentPostprocessing = 0;
		};
		837C191E20AA27970003D237 /* Sources */ = {
			isa = PBXSourcesBuildPhase;
			buildActionMask = 2147483647;
			files = (
				837C193B20AA2D960003D237 /* FeatureRowController.swift in Sources */,
				837C192A20AA27970003D237 /* ExtensionDelegate.swift in Sources */,
				837C193920AA27F10003D237 /* FeatureOverviewController.swift in Sources */,
			);
			runOnlyForDeploymentPostprocessing = 0;
		};
		83C6F5D820780FE700F0C74D /* Sources */ = {
			isa = PBXSourcesBuildPhase;
			buildActionMask = 2147483647;
			files = (
				83C6F62F2078138E00F0C74D /* AppDelegate.swift in Sources */,
				83C6F6332078138E00F0C74D /* FontsViewController.swift in Sources */,
				83C6F6322078138E00F0C74D /* FeatureOverviewController.swift in Sources */,
			);
			runOnlyForDeploymentPostprocessing = 0;
		};
/* End PBXSourcesBuildPhase section */

/* Begin PBXTargetDependency section */
		837C192520AA27970003D237 /* PBXTargetDependency */ = {
			isa = PBXTargetDependency;
			target = 837C192120AA27970003D237 /* Example-watchOS Extension */;
			targetProxy = 837C192420AA27970003D237 /* PBXContainerItemProxy */;
		};
		837C192F20AA27970003D237 /* PBXTargetDependency */ = {
			isa = PBXTargetDependency;
			target = 837C191520AA27960003D237 /* Example-watchOS */;
			targetProxy = 837C192E20AA27970003D237 /* PBXContainerItemProxy */;
		};
/* End PBXTargetDependency section */

/* Begin PBXVariantGroup section */
		831B4F1C20A4D4F200F1BB94 /* Main.storyboard */ = {
			isa = PBXVariantGroup;
			children = (
				831B4F1D20A4D4F200F1BB94 /* Base */,
			);
			name = Main.storyboard;
			sourceTree = "<group>";
		};
		837C191820AA27970003D237 /* Interface.storyboard */ = {
			isa = PBXVariantGroup;
			children = (
				837C191920AA27970003D237 /* Base */,
			);
			name = Interface.storyboard;
			sourceTree = "<group>";
		};
		83C6F6262078138E00F0C74D /* LaunchScreen.storyboard */ = {
			isa = PBXVariantGroup;
			children = (
				83C6F6272078138E00F0C74D /* Base */,
			);
			name = LaunchScreen.storyboard;
			sourceTree = "<group>";
		};
		83C6F6282078138E00F0C74D /* Main.storyboard */ = {
			isa = PBXVariantGroup;
			children = (
				83C6F6292078138E00F0C74D /* Base */,
			);
			name = Main.storyboard;
			sourceTree = "<group>";
		};
/* End PBXVariantGroup section */

/* Begin XCBuildConfiguration section */
		831B4F2320A4D4F200F1BB94 /* Debug */ = {
			isa = XCBuildConfiguration;
			buildSettings = {
				ASSETCATALOG_COMPILER_APPICON_NAME = "Brand Assets";
				ASSETCATALOG_COMPILER_LAUNCHIMAGE_NAME = LaunchImage;
				CODE_SIGN_STYLE = Automatic;
				DEVELOPMENT_TEAM = P6TTE9K9RG;
				INFOPLIST_FILE = "$(SRCROOT)/Source/tvOS/Info.plist";
				LD_RUNPATH_SEARCH_PATHS = "$(inherited) @executable_path/Frameworks";
				PRODUCT_BUNDLE_IDENTIFIER = "de.christoph-wendt.capable.Example-tvOS";
				PRODUCT_NAME = "$(TARGET_NAME)";
				SDKROOT = appletvos;
				SWIFT_VERSION = 4.0;
				TARGETED_DEVICE_FAMILY = 3;
				TVOS_DEPLOYMENT_TARGET = 10.0;
			};
			name = Debug;
		};
		831B4F2420A4D4F200F1BB94 /* Release */ = {
			isa = XCBuildConfiguration;
			buildSettings = {
				ASSETCATALOG_COMPILER_APPICON_NAME = "Brand Assets";
				ASSETCATALOG_COMPILER_LAUNCHIMAGE_NAME = LaunchImage;
				CODE_SIGN_STYLE = Automatic;
				DEVELOPMENT_TEAM = P6TTE9K9RG;
				INFOPLIST_FILE = "$(SRCROOT)/Source/tvOS/Info.plist";
				LD_RUNPATH_SEARCH_PATHS = "$(inherited) @executable_path/Frameworks";
				PRODUCT_BUNDLE_IDENTIFIER = "de.christoph-wendt.capable.Example-tvOS";
				PRODUCT_NAME = "$(TARGET_NAME)";
				SDKROOT = appletvos;
				SWIFT_VERSION = 4.0;
				TARGETED_DEVICE_FAMILY = 3;
				TVOS_DEPLOYMENT_TARGET = 10.0;
			};
			name = Release;
		};
		837C193220AA27970003D237 /* Debug */ = {
			isa = XCBuildConfiguration;
			buildSettings = {
				ASSETCATALOG_COMPILER_COMPLICATION_NAME = Complication;
				CODE_SIGN_STYLE = Automatic;
				DEVELOPMENT_TEAM = P6TTE9K9RG;
				INFOPLIST_FILE = "$(SRCROOT)/Source/watchOS/Extension/Info.plist";
				LD_RUNPATH_SEARCH_PATHS = "$(inherited) @executable_path/Frameworks @executable_path/../../Frameworks";
				PRODUCT_BUNDLE_IDENTIFIER = "de.christoph-wendt.capable.Example-iOS.watchkitapp.watchkitextension";
				PRODUCT_NAME = "${TARGET_NAME}";
				SDKROOT = watchos;
				SKIP_INSTALL = YES;
				SWIFT_VERSION = 4.0;
				TARGETED_DEVICE_FAMILY = 4;
				WATCHOS_DEPLOYMENT_TARGET = 4.2;
			};
			name = Debug;
		};
		837C193320AA27970003D237 /* Release */ = {
			isa = XCBuildConfiguration;
			buildSettings = {
				ASSETCATALOG_COMPILER_COMPLICATION_NAME = Complication;
				CODE_SIGN_STYLE = Automatic;
				DEVELOPMENT_TEAM = P6TTE9K9RG;
				INFOPLIST_FILE = "$(SRCROOT)/Source/watchOS/Extension/Info.plist";
				LD_RUNPATH_SEARCH_PATHS = "$(inherited) @executable_path/Frameworks @executable_path/../../Frameworks";
				PRODUCT_BUNDLE_IDENTIFIER = "de.christoph-wendt.capable.Example-iOS.watchkitapp.watchkitextension";
				PRODUCT_NAME = "${TARGET_NAME}";
				SDKROOT = watchos;
				SKIP_INSTALL = YES;
				SWIFT_VERSION = 4.0;
				TARGETED_DEVICE_FAMILY = 4;
				WATCHOS_DEPLOYMENT_TARGET = 4.2;
			};
			name = Release;
		};
		837C193620AA27970003D237 /* Debug */ = {
			isa = XCBuildConfiguration;
			buildSettings = {
				ALWAYS_EMBED_SWIFT_STANDARD_LIBRARIES = YES;
				ASSETCATALOG_COMPILER_APPICON_NAME = AppIcon;
				CODE_SIGN_STYLE = Automatic;
				DEVELOPMENT_TEAM = P6TTE9K9RG;
				IBSC_MODULE = Example_watchOS_Extension;
				INFOPLIST_FILE = "$(SRCROOT)/Source/watchOS/Info.plist";
				PRODUCT_BUNDLE_IDENTIFIER = "de.christoph-wendt.capable.Example-iOS.watchkitapp";
				PRODUCT_NAME = "$(TARGET_NAME)";
				SDKROOT = watchos;
				SKIP_INSTALL = YES;
				SWIFT_VERSION = 4.0;
				TARGETED_DEVICE_FAMILY = 4;
				WATCHOS_DEPLOYMENT_TARGET = 4.2;
			};
			name = Debug;
		};
		837C193720AA27970003D237 /* Release */ = {
			isa = XCBuildConfiguration;
			buildSettings = {
				ALWAYS_EMBED_SWIFT_STANDARD_LIBRARIES = YES;
				ASSETCATALOG_COMPILER_APPICON_NAME = AppIcon;
				CODE_SIGN_STYLE = Automatic;
				DEVELOPMENT_TEAM = P6TTE9K9RG;
				IBSC_MODULE = Example_watchOS_Extension;
				INFOPLIST_FILE = "$(SRCROOT)/Source/watchOS/Info.plist";
				PRODUCT_BUNDLE_IDENTIFIER = "de.christoph-wendt.capable.Example-iOS.watchkitapp";
				PRODUCT_NAME = "$(TARGET_NAME)";
				SDKROOT = watchos;
				SKIP_INSTALL = YES;
				SWIFT_VERSION = 4.0;
				TARGETED_DEVICE_FAMILY = 4;
				WATCHOS_DEPLOYMENT_TARGET = 4.2;
			};
			name = Release;
		};
		83C6F60220780FE700F0C74D /* Debug */ = {
			isa = XCBuildConfiguration;
			buildSettings = {
				ALWAYS_SEARCH_USER_PATHS = NO;
				CLANG_ANALYZER_NONNULL = YES;
				CLANG_ANALYZER_NUMBER_OBJECT_CONVERSION = YES_AGGRESSIVE;
				CLANG_CXX_LANGUAGE_STANDARD = "gnu++14";
				CLANG_CXX_LIBRARY = "libc++";
				CLANG_ENABLE_MODULES = YES;
				CLANG_ENABLE_OBJC_ARC = YES;
				CLANG_WARN_BLOCK_CAPTURE_AUTORELEASING = YES;
				CLANG_WARN_BOOL_CONVERSION = YES;
				CLANG_WARN_COMMA = YES;
				CLANG_WARN_CONSTANT_CONVERSION = YES;
				CLANG_WARN_DIRECT_OBJC_ISA_USAGE = YES_ERROR;
				CLANG_WARN_DOCUMENTATION_COMMENTS = YES;
				CLANG_WARN_EMPTY_BODY = YES;
				CLANG_WARN_ENUM_CONVERSION = YES;
				CLANG_WARN_INFINITE_RECURSION = YES;
				CLANG_WARN_INT_CONVERSION = YES;
				CLANG_WARN_NON_LITERAL_NULL_CONVERSION = YES;
				CLANG_WARN_OBJC_LITERAL_CONVERSION = YES;
				CLANG_WARN_OBJC_ROOT_CLASS = YES_ERROR;
				CLANG_WARN_RANGE_LOOP_ANALYSIS = YES;
				CLANG_WARN_STRICT_PROTOTYPES = YES;
				CLANG_WARN_SUSPICIOUS_MOVE = YES;
				CLANG_WARN_UNGUARDED_AVAILABILITY = YES_AGGRESSIVE;
				CLANG_WARN_UNREACHABLE_CODE = YES;
				CLANG_WARN__DUPLICATE_METHOD_MATCH = YES;
				CODE_SIGN_IDENTITY = "iPhone Developer";
				COPY_PHASE_STRIP = NO;
				DEBUG_INFORMATION_FORMAT = dwarf;
				ENABLE_STRICT_OBJC_MSGSEND = YES;
				ENABLE_TESTABILITY = YES;
				GCC_C_LANGUAGE_STANDARD = gnu11;
				GCC_DYNAMIC_NO_PIC = NO;
				GCC_NO_COMMON_BLOCKS = YES;
				GCC_OPTIMIZATION_LEVEL = 0;
				GCC_PREPROCESSOR_DEFINITIONS = (
					"DEBUG=1",
					"$(inherited)",
				);
				GCC_WARN_64_TO_32_BIT_CONVERSION = YES;
				GCC_WARN_ABOUT_RETURN_TYPE = YES_ERROR;
				GCC_WARN_UNDECLARED_SELECTOR = YES;
				GCC_WARN_UNINITIALIZED_AUTOS = YES_AGGRESSIVE;
				GCC_WARN_UNUSED_FUNCTION = YES;
				GCC_WARN_UNUSED_VARIABLE = YES;
				IPHONEOS_DEPLOYMENT_TARGET = 11.2;
				MTL_ENABLE_DEBUG_INFO = YES;
				ONLY_ACTIVE_ARCH = YES;
				SDKROOT = iphoneos;
				SWIFT_ACTIVE_COMPILATION_CONDITIONS = DEBUG;
				SWIFT_OPTIMIZATION_LEVEL = "-Onone";
			};
			name = Debug;
		};
		83C6F60320780FE700F0C74D /* Release */ = {
			isa = XCBuildConfiguration;
			buildSettings = {
				ALWAYS_SEARCH_USER_PATHS = NO;
				CLANG_ANALYZER_NONNULL = YES;
				CLANG_ANALYZER_NUMBER_OBJECT_CONVERSION = YES_AGGRESSIVE;
				CLANG_CXX_LANGUAGE_STANDARD = "gnu++14";
				CLANG_CXX_LIBRARY = "libc++";
				CLANG_ENABLE_MODULES = YES;
				CLANG_ENABLE_OBJC_ARC = YES;
				CLANG_WARN_BLOCK_CAPTURE_AUTORELEASING = YES;
				CLANG_WARN_BOOL_CONVERSION = YES;
				CLANG_WARN_COMMA = YES;
				CLANG_WARN_CONSTANT_CONVERSION = YES;
				CLANG_WARN_DIRECT_OBJC_ISA_USAGE = YES_ERROR;
				CLANG_WARN_DOCUMENTATION_COMMENTS = YES;
				CLANG_WARN_EMPTY_BODY = YES;
				CLANG_WARN_ENUM_CONVERSION = YES;
				CLANG_WARN_INFINITE_RECURSION = YES;
				CLANG_WARN_INT_CONVERSION = YES;
				CLANG_WARN_NON_LITERAL_NULL_CONVERSION = YES;
				CLANG_WARN_OBJC_LITERAL_CONVERSION = YES;
				CLANG_WARN_OBJC_ROOT_CLASS = YES_ERROR;
				CLANG_WARN_RANGE_LOOP_ANALYSIS = YES;
				CLANG_WARN_STRICT_PROTOTYPES = YES;
				CLANG_WARN_SUSPICIOUS_MOVE = YES;
				CLANG_WARN_UNGUARDED_AVAILABILITY = YES_AGGRESSIVE;
				CLANG_WARN_UNREACHABLE_CODE = YES;
				CLANG_WARN__DUPLICATE_METHOD_MATCH = YES;
				CODE_SIGN_IDENTITY = "iPhone Developer";
				COPY_PHASE_STRIP = NO;
				DEBUG_INFORMATION_FORMAT = "dwarf-with-dsym";
				ENABLE_NS_ASSERTIONS = NO;
				ENABLE_STRICT_OBJC_MSGSEND = YES;
				GCC_C_LANGUAGE_STANDARD = gnu11;
				GCC_NO_COMMON_BLOCKS = YES;
				GCC_WARN_64_TO_32_BIT_CONVERSION = YES;
				GCC_WARN_ABOUT_RETURN_TYPE = YES_ERROR;
				GCC_WARN_UNDECLARED_SELECTOR = YES;
				GCC_WARN_UNINITIALIZED_AUTOS = YES_AGGRESSIVE;
				GCC_WARN_UNUSED_FUNCTION = YES;
				GCC_WARN_UNUSED_VARIABLE = YES;
				IPHONEOS_DEPLOYMENT_TARGET = 11.2;
				MTL_ENABLE_DEBUG_INFO = NO;
				SDKROOT = iphoneos;
				SWIFT_OPTIMIZATION_LEVEL = "-Owholemodule";
				VALIDATE_PRODUCT = YES;
			};
			name = Release;
		};
		83C6F60520780FE700F0C74D /* Debug */ = {
			isa = XCBuildConfiguration;
			buildSettings = {
				ASSETCATALOG_COMPILER_APPICON_NAME = AppIcon;
				ASSETCATALOG_COMPILER_LAUNCHIMAGE_NAME = "LaunchImage-2";
				CODE_SIGN_STYLE = Automatic;
				DEVELOPMENT_TEAM = P6TTE9K9RG;
				FRAMEWORK_SEARCH_PATHS = "$(PROJECT_DIR)/Carthage/Build/iOS";
				INFOPLIST_FILE = "$(SRCROOT)/Source/iOS/Info.plist";
				LD_RUNPATH_SEARCH_PATHS = "$(inherited) @executable_path/Frameworks";
				PRODUCT_BUNDLE_IDENTIFIER = "de.christoph-wendt.capable.Example-iOS";
				PRODUCT_NAME = "$(TARGET_NAME)";
				SWIFT_VERSION = 4.0;
				TARGETED_DEVICE_FAMILY = "1,2";
			};
			name = Debug;
		};
		83C6F60620780FE700F0C74D /* Release */ = {
			isa = XCBuildConfiguration;
			buildSettings = {
				ASSETCATALOG_COMPILER_APPICON_NAME = AppIcon;
				ASSETCATALOG_COMPILER_LAUNCHIMAGE_NAME = "LaunchImage-2";
				CODE_SIGN_STYLE = Automatic;
				DEVELOPMENT_TEAM = P6TTE9K9RG;
				FRAMEWORK_SEARCH_PATHS = "$(PROJECT_DIR)/Carthage/Build/iOS";
				INFOPLIST_FILE = "$(SRCROOT)/Source/iOS/Info.plist";
				LD_RUNPATH_SEARCH_PATHS = "$(inherited) @executable_path/Frameworks";
				PRODUCT_BUNDLE_IDENTIFIER = "de.christoph-wendt.capable.Example-iOS";
				PRODUCT_NAME = "$(TARGET_NAME)";
				SWIFT_VERSION = 4.0;
				TARGETED_DEVICE_FAMILY = "1,2";
			};
			name = Release;
		};
/* End XCBuildConfiguration section */

/* Begin XCConfigurationList section */
		831B4F2220A4D4F200F1BB94 /* Build configuration list for PBXNativeTarget "Example-tvOS" */ = {
			isa = XCConfigurationList;
			buildConfigurations = (
				831B4F2320A4D4F200F1BB94 /* Debug */,
				831B4F2420A4D4F200F1BB94 /* Release */,
			);
			defaultConfigurationIsVisible = 0;
			defaultConfigurationName = Release;
		};
		837C193120AA27970003D237 /* Build configuration list for PBXNativeTarget "Example-watchOS Extension" */ = {
			isa = XCConfigurationList;
			buildConfigurations = (
				837C193220AA27970003D237 /* Debug */,
				837C193320AA27970003D237 /* Release */,
			);
			defaultConfigurationIsVisible = 0;
			defaultConfigurationName = Release;
		};
		837C193520AA27970003D237 /* Build configuration list for PBXNativeTarget "Example-watchOS" */ = {
			isa = XCConfigurationList;
			buildConfigurations = (
				837C193620AA27970003D237 /* Debug */,
				837C193720AA27970003D237 /* Release */,
			);
			defaultConfigurationIsVisible = 0;
			defaultConfigurationName = Release;
		};
		83C6F5D720780FE700F0C74D /* Build configuration list for PBXProject "Example" */ = {
			isa = XCConfigurationList;
			buildConfigurations = (
				83C6F60220780FE700F0C74D /* Debug */,
				83C6F60320780FE700F0C74D /* Release */,
			);
			defaultConfigurationIsVisible = 0;
			defaultConfigurationName = Release;
		};
		83C6F60420780FE700F0C74D /* Build configuration list for PBXNativeTarget "Example-iOS" */ = {
			isa = XCConfigurationList;
			buildConfigurations = (
				83C6F60520780FE700F0C74D /* Debug */,
				83C6F60620780FE700F0C74D /* Release */,
			);
			defaultConfigurationIsVisible = 0;
			defaultConfigurationName = Release;
		};
/* End XCConfigurationList section */
	};
	rootObject = 83C6F5D420780FE700F0C74D /* Project object */;
}
