// !$*UTF8*$!
{
	archiveVersion = 1;
	classes = {
	};
	objectVersion = 48;
	objects = {

/* Begin PBXBuildFile section */
		831213F62078282300E73DF5 /* Capable.framework in Frameworks */ = {isa = PBXBuildFile; fileRef = 831213F52078282300E73DF5 /* Capable.framework */; };
		83C6F5F520780FE700F0C74D /* ExampleTests.swift in Sources */ = {isa = PBXBuildFile; fileRef = 83C6F5F420780FE700F0C74D /* ExampleTests.swift */; };
		83C6F60020780FE700F0C74D /* ExampleUITests.swift in Sources */ = {isa = PBXBuildFile; fileRef = 83C6F5FF20780FE700F0C74D /* ExampleUITests.swift */; };
		83C6F62D2078138E00F0C74D /* Assets.xcassets in Resources */ = {isa = PBXBuildFile; fileRef = 83C6F6212078138D00F0C74D /* Assets.xcassets */; };
		83C6F62E2078138E00F0C74D /* Cardo-Regular.ttf in Resources */ = {isa = PBXBuildFile; fileRef = 83C6F6232078138D00F0C74D /* Cardo-Regular.ttf */; };
		83C6F62F2078138E00F0C74D /* AppDelegate.swift in Sources */ = {isa = PBXBuildFile; fileRef = 83C6F6252078138E00F0C74D /* AppDelegate.swift */; };
		83C6F6302078138E00F0C74D /* LaunchScreen.storyboard in Resources */ = {isa = PBXBuildFile; fileRef = 83C6F6262078138E00F0C74D /* LaunchScreen.storyboard */; };
		83C6F6312078138E00F0C74D /* Main.storyboard in Resources */ = {isa = PBXBuildFile; fileRef = 83C6F6282078138E00F0C74D /* Main.storyboard */; };
		83C6F6322078138E00F0C74D /* FeatureOverviewController.swift in Sources */ = {isa = PBXBuildFile; fileRef = 83C6F62A2078138E00F0C74D /* FeatureOverviewController.swift */; };
		83C6F6332078138E00F0C74D /* FontsViewController.swift in Sources */ = {isa = PBXBuildFile; fileRef = 83C6F62B2078138E00F0C74D /* FontsViewController.swift */; };
		83C6F6342078138E00F0C74D /* Info.plist in Resources */ = {isa = PBXBuildFile; fileRef = 83C6F62C2078138E00F0C74D /* Info.plist */; };
/* End PBXBuildFile section */

/* Begin PBXContainerItemProxy section */
		83C6F5F120780FE700F0C74D /* PBXContainerItemProxy */ = {
			isa = PBXContainerItemProxy;
			containerPortal = 83C6F5D420780FE700F0C74D /* Project object */;
			proxyType = 1;
			remoteGlobalIDString = 83C6F5DB20780FE700F0C74D;
			remoteInfo = Example;
		};
		83C6F5FC20780FE700F0C74D /* PBXContainerItemProxy */ = {
			isa = PBXContainerItemProxy;
			containerPortal = 83C6F5D420780FE700F0C74D /* Project object */;
			proxyType = 1;
			remoteGlobalIDString = 83C6F5DB20780FE700F0C74D;
			remoteInfo = Example;
		};
/* End PBXContainerItemProxy section */

/* Begin PBXFileReference section */
		831213F52078282300E73DF5 /* Capable.framework */ = {isa = PBXFileReference; lastKnownFileType = wrapper.framework; name = Capable.framework; path = ../Carthage/Build/iOS/Capable.framework; sourceTree = "<group>"; };
		83C6F5DC20780FE700F0C74D /* Example.app */ = {isa = PBXFileReference; explicitFileType = wrapper.application; includeInIndex = 0; path = Example.app; sourceTree = BUILT_PRODUCTS_DIR; };
		83C6F5F020780FE700F0C74D /* ExampleTests.xctest */ = {isa = PBXFileReference; explicitFileType = wrapper.cfbundle; includeInIndex = 0; path = ExampleTests.xctest; sourceTree = BUILT_PRODUCTS_DIR; };
		83C6F5F420780FE700F0C74D /* ExampleTests.swift */ = {isa = PBXFileReference; lastKnownFileType = sourcecode.swift; path = ExampleTests.swift; sourceTree = "<group>"; };
		83C6F5F620780FE700F0C74D /* Info.plist */ = {isa = PBXFileReference; lastKnownFileType = text.plist.xml; path = Info.plist; sourceTree = "<group>"; };
		83C6F5FB20780FE700F0C74D /* ExampleUITests.xctest */ = {isa = PBXFileReference; explicitFileType = wrapper.cfbundle; includeInIndex = 0; path = ExampleUITests.xctest; sourceTree = BUILT_PRODUCTS_DIR; };
		83C6F5FF20780FE700F0C74D /* ExampleUITests.swift */ = {isa = PBXFileReference; lastKnownFileType = sourcecode.swift; path = ExampleUITests.swift; sourceTree = "<group>"; };
		83C6F60120780FE700F0C74D /* Info.plist */ = {isa = PBXFileReference; lastKnownFileType = text.plist.xml; path = Info.plist; sourceTree = "<group>"; };
		83C6F6212078138D00F0C74D /* Assets.xcassets */ = {isa = PBXFileReference; lastKnownFileType = folder.assetcatalog; path = Assets.xcassets; sourceTree = "<group>"; };
		83C6F6232078138D00F0C74D /* Cardo-Regular.ttf */ = {isa = PBXFileReference; lastKnownFileType = file; path = "Cardo-Regular.ttf"; sourceTree = "<group>"; };
		83C6F6252078138E00F0C74D /* AppDelegate.swift */ = {isa = PBXFileReference; fileEncoding = 4; lastKnownFileType = sourcecode.swift; path = AppDelegate.swift; sourceTree = "<group>"; };
		83C6F6272078138E00F0C74D /* Base */ = {isa = PBXFileReference; lastKnownFileType = file.storyboard; name = Base; path = Base.lproj/LaunchScreen.storyboard; sourceTree = "<group>"; };
		83C6F6292078138E00F0C74D /* Base */ = {isa = PBXFileReference; lastKnownFileType = file.storyboard; name = Base; path = Base.lproj/Main.storyboard; sourceTree = "<group>"; };
		83C6F62A2078138E00F0C74D /* FeatureOverviewController.swift */ = {isa = PBXFileReference; fileEncoding = 4; lastKnownFileType = sourcecode.swift; path = FeatureOverviewController.swift; sourceTree = "<group>"; };
		83C6F62B2078138E00F0C74D /* FontsViewController.swift */ = {isa = PBXFileReference; fileEncoding = 4; lastKnownFileType = sourcecode.swift; path = FontsViewController.swift; sourceTree = "<group>"; };
		83C6F62C2078138E00F0C74D /* Info.plist */ = {isa = PBXFileReference; fileEncoding = 4; lastKnownFileType = text.plist.xml; path = Info.plist; sourceTree = "<group>"; };
/* End PBXFileReference section */

/* Begin PBXFrameworksBuildPhase section */
		83C6F5D920780FE700F0C74D /* Frameworks */ = {
			isa = PBXFrameworksBuildPhase;
			buildActionMask = 2147483647;
			files = (
				831213F62078282300E73DF5 /* Capable.framework in Frameworks */,
			);
			runOnlyForDeploymentPostprocessing = 0;
		};
		83C6F5ED20780FE700F0C74D /* Frameworks */ = {
			isa = PBXFrameworksBuildPhase;
			buildActionMask = 2147483647;
			files = (
			);
			runOnlyForDeploymentPostprocessing = 0;
		};
		83C6F5F820780FE700F0C74D /* Frameworks */ = {
			isa = PBXFrameworksBuildPhase;
			buildActionMask = 2147483647;
			files = (
			);
			runOnlyForDeploymentPostprocessing = 0;
		};
/* End PBXFrameworksBuildPhase section */

/* Begin PBXGroup section */
		83C6F5D320780FE700F0C74D = {
			isa = PBXGroup;
			children = (
				83C6F6202078138D00F0C74D /* Ressources */,
				83C6F6242078138E00F0C74D /* Source */,
				83C6F5F320780FE700F0C74D /* Tests */,
				83C6F5FE20780FE700F0C74D /* UITests */,
				83C6F5DD20780FE700F0C74D /* Products */,
				83C6F6352078189700F0C74D /* Frameworks */,
			);
			sourceTree = "<group>";
		};
		83C6F5DD20780FE700F0C74D /* Products */ = {
			isa = PBXGroup;
			children = (
				83C6F5DC20780FE700F0C74D /* Example.app */,
				83C6F5F020780FE700F0C74D /* ExampleTests.xctest */,
				83C6F5FB20780FE700F0C74D /* ExampleUITests.xctest */,
			);
			name = Products;
			sourceTree = "<group>";
		};
		83C6F5F320780FE700F0C74D /* Tests */ = {
			isa = PBXGroup;
			children = (
				83C6F5F420780FE700F0C74D /* ExampleTests.swift */,
				83C6F5F620780FE700F0C74D /* Info.plist */,
			);
			path = Tests;
			sourceTree = "<group>";
		};
		83C6F5FE20780FE700F0C74D /* UITests */ = {
			isa = PBXGroup;
			children = (
				83C6F5FF20780FE700F0C74D /* ExampleUITests.swift */,
				83C6F60120780FE700F0C74D /* Info.plist */,
			);
			path = UITests;
			sourceTree = "<group>";
		};
		83C6F6202078138D00F0C74D /* Ressources */ = {
			isa = PBXGroup;
			children = (
				83C6F6212078138D00F0C74D /* Assets.xcassets */,
				83C6F6222078138D00F0C74D /* Fonts */,
			);
			path = Ressources;
			sourceTree = "<group>";
		};
		83C6F6222078138D00F0C74D /* Fonts */ = {
			isa = PBXGroup;
			children = (
				83C6F6232078138D00F0C74D /* Cardo-Regular.ttf */,
			);
			path = Fonts;
			sourceTree = "<group>";
		};
		83C6F6242078138E00F0C74D /* Source */ = {
			isa = PBXGroup;
			children = (
				83C6F6252078138E00F0C74D /* AppDelegate.swift */,
				83C6F6262078138E00F0C74D /* LaunchScreen.storyboard */,
				83C6F6282078138E00F0C74D /* Main.storyboard */,
				83C6F62A2078138E00F0C74D /* FeatureOverviewController.swift */,
				83C6F62B2078138E00F0C74D /* FontsViewController.swift */,
				83C6F62C2078138E00F0C74D /* Info.plist */,
			);
			path = Source;
			sourceTree = "<group>";
		};
		83C6F6352078189700F0C74D /* Frameworks */ = {
			isa = PBXGroup;
			children = (
				831213F52078282300E73DF5 /* Capable.framework */,
			);
			name = Frameworks;
			sourceTree = "<group>";
		};
/* End PBXGroup section */

/* Begin PBXNativeTarget section */
		83C6F5DB20780FE700F0C74D /* Example */ = {
			isa = PBXNativeTarget;
			buildConfigurationList = 83C6F60420780FE700F0C74D /* Build configuration list for PBXNativeTarget "Example" */;
			buildPhases = (
				83C6F5D820780FE700F0C74D /* Sources */,
				83C6F5D920780FE700F0C74D /* Frameworks */,
				83C6F5DA20780FE700F0C74D /* Resources */,
				83C6F638207818ED00F0C74D /* ShellScript */,
			);
			buildRules = (
			);
			dependencies = (
			);
			name = Example;
			productName = Example;
			productReference = 83C6F5DC20780FE700F0C74D /* Example.app */;
			productType = "com.apple.product-type.application";
		};
		83C6F5EF20780FE700F0C74D /* ExampleTests */ = {
			isa = PBXNativeTarget;
			buildConfigurationList = 83C6F60720780FE700F0C74D /* Build configuration list for PBXNativeTarget "ExampleTests" */;
			buildPhases = (
				83C6F5EC20780FE700F0C74D /* Sources */,
				83C6F5ED20780FE700F0C74D /* Frameworks */,
				83C6F5EE20780FE700F0C74D /* Resources */,
			);
			buildRules = (
			);
			dependencies = (
				83C6F5F220780FE700F0C74D /* PBXTargetDependency */,
			);
			name = ExampleTests;
			productName = ExampleTests;
			productReference = 83C6F5F020780FE700F0C74D /* ExampleTests.xctest */;
			productType = "com.apple.product-type.bundle.unit-test";
		};
		83C6F5FA20780FE700F0C74D /* ExampleUITests */ = {
			isa = PBXNativeTarget;
			buildConfigurationList = 83C6F60A20780FE700F0C74D /* Build configuration list for PBXNativeTarget "ExampleUITests" */;
			buildPhases = (
				83C6F5F720780FE700F0C74D /* Sources */,
				83C6F5F820780FE700F0C74D /* Frameworks */,
				83C6F5F920780FE700F0C74D /* Resources */,
			);
			buildRules = (
			);
			dependencies = (
				83C6F5FD20780FE700F0C74D /* PBXTargetDependency */,
			);
			name = ExampleUITests;
			productName = ExampleUITests;
			productReference = 83C6F5FB20780FE700F0C74D /* ExampleUITests.xctest */;
			productType = "com.apple.product-type.bundle.ui-testing";
		};
/* End PBXNativeTarget section */

/* Begin PBXProject section */
		83C6F5D420780FE700F0C74D /* Project object */ = {
			isa = PBXProject;
			attributes = {
				LastSwiftUpdateCheck = 0920;
				LastUpgradeCheck = 0920;
				ORGANIZATIONNAME = "Christoph Wendt";
				TargetAttributes = {
					83C6F5DB20780FE700F0C74D = {
						CreatedOnToolsVersion = 9.2;
						ProvisioningStyle = Automatic;
					};
					83C6F5EF20780FE700F0C74D = {
						CreatedOnToolsVersion = 9.2;
						ProvisioningStyle = Automatic;
						TestTargetID = 83C6F5DB20780FE700F0C74D;
					};
					83C6F5FA20780FE700F0C74D = {
						CreatedOnToolsVersion = 9.2;
						ProvisioningStyle = Automatic;
						TestTargetID = 83C6F5DB20780FE700F0C74D;
					};
				};
			};
			buildConfigurationList = 83C6F5D720780FE700F0C74D /* Build configuration list for PBXProject "Example" */;
			compatibilityVersion = "Xcode 8.0";
			developmentRegion = en;
			hasScannedForEncodings = 0;
			knownRegions = (
				en,
				Base,
			);
			mainGroup = 83C6F5D320780FE700F0C74D;
			productRefGroup = 83C6F5DD20780FE700F0C74D /* Products */;
			projectDirPath = "";
			projectRoot = "";
			targets = (
				83C6F5DB20780FE700F0C74D /* Example */,
				83C6F5EF20780FE700F0C74D /* ExampleTests */,
				83C6F5FA20780FE700F0C74D /* ExampleUITests */,
			);
		};
/* End PBXProject section */

/* Begin PBXResourcesBuildPhase section */
		83C6F5DA20780FE700F0C74D /* Resources */ = {
			isa = PBXResourcesBuildPhase;
			buildActionMask = 2147483647;
			files = (
				83C6F6302078138E00F0C74D /* LaunchScreen.storyboard in Resources */,
				83C6F62D2078138E00F0C74D /* Assets.xcassets in Resources */,
				83C6F62E2078138E00F0C74D /* Cardo-Regular.ttf in Resources */,
				83C6F6342078138E00F0C74D /* Info.plist in Resources */,
				83C6F6312078138E00F0C74D /* Main.storyboard in Resources */,
			);
			runOnlyForDeploymentPostprocessing = 0;
		};
		83C6F5EE20780FE700F0C74D /* Resources */ = {
			isa = PBXResourcesBuildPhase;
			buildActionMask = 2147483647;
			files = (
			);
			runOnlyForDeploymentPostprocessing = 0;
		};
		83C6F5F920780FE700F0C74D /* Resources */ = {
			isa = PBXResourcesBuildPhase;
			buildActionMask = 2147483647;
			files = (
			);
			runOnlyForDeploymentPostprocessing = 0;
		};
/* End PBXResourcesBuildPhase section */

/* Begin PBXShellScriptBuildPhase section */
		83C6F638207818ED00F0C74D /* ShellScript */ = {
			isa = PBXShellScriptBuildPhase;
			buildActionMask = 2147483647;
			files = (
			);
			inputPaths = (
				"$(SRCROOT)/../Carthage/Build/iOS/Capable.framework",
			);
			outputPaths = (
				"$(BUILT_PRODUCTS_DIR)/$(FRAMEWORKS_FOLDER_PATH)/Capable.framework",
			);
			runOnlyForDeploymentPostprocessing = 0;
			shellPath = /bin/sh;
			shellScript = "/usr/local/bin/carthage copy-frameworks";
		};
/* End PBXShellScriptBuildPhase section */

/* Begin PBXSourcesBuildPhase section */
		83C6F5D820780FE700F0C74D /* Sources */ = {
			isa = PBXSourcesBuildPhase;
			buildActionMask = 2147483647;
			files = (
				83C6F62F2078138E00F0C74D /* AppDelegate.swift in Sources */,
				83C6F6332078138E00F0C74D /* FontsViewController.swift in Sources */,
				83C6F6322078138E00F0C74D /* FeatureOverviewController.swift in Sources */,
			);
			runOnlyForDeploymentPostprocessing = 0;
		};
		83C6F5EC20780FE700F0C74D /* Sources */ = {
			isa = PBXSourcesBuildPhase;
			buildActionMask = 2147483647;
			files = (
				83C6F5F520780FE700F0C74D /* ExampleTests.swift in Sources */,
			);
			runOnlyForDeploymentPostprocessing = 0;
		};
		83C6F5F720780FE700F0C74D /* Sources */ = {
			isa = PBXSourcesBuildPhase;
			buildActionMask = 2147483647;
			files = (
				83C6F60020780FE700F0C74D /* ExampleUITests.swift in Sources */,
			);
			runOnlyForDeploymentPostprocessing = 0;
		};
/* End PBXSourcesBuildPhase section */

/* Begin PBXTargetDependency section */
		83C6F5F220780FE700F0C74D /* PBXTargetDependency */ = {
			isa = PBXTargetDependency;
			target = 83C6F5DB20780FE700F0C74D /* Example */;
			targetProxy = 83C6F5F120780FE700F0C74D /* PBXContainerItemProxy */;
		};
		83C6F5FD20780FE700F0C74D /* PBXTargetDependency */ = {
			isa = PBXTargetDependency;
			target = 83C6F5DB20780FE700F0C74D /* Example */;
			targetProxy = 83C6F5FC20780FE700F0C74D /* PBXContainerItemProxy */;
		};
/* End PBXTargetDependency section */

/* Begin PBXVariantGroup section */
		83C6F6262078138E00F0C74D /* LaunchScreen.storyboard */ = {
			isa = PBXVariantGroup;
			children = (
				83C6F6272078138E00F0C74D /* Base */,
			);
			name = LaunchScreen.storyboard;
			sourceTree = "<group>";
		};
		83C6F6282078138E00F0C74D /* Main.storyboard */ = {
			isa = PBXVariantGroup;
			children = (
				83C6F6292078138E00F0C74D /* Base */,
			);
			name = Main.storyboard;
			sourceTree = "<group>";
		};
/* End PBXVariantGroup section */

/* Begin XCBuildConfiguration section */
		83C6F60220780FE700F0C74D /* Debug */ = {
			isa = XCBuildConfiguration;
			buildSettings = {
				ALWAYS_SEARCH_USER_PATHS = NO;
				CLANG_ANALYZER_NONNULL = YES;
				CLANG_ANALYZER_NUMBER_OBJECT_CONVERSION = YES_AGGRESSIVE;
				CLANG_CXX_LANGUAGE_STANDARD = "gnu++14";
				CLANG_CXX_LIBRARY = "libc++";
				CLANG_ENABLE_MODULES = YES;
				CLANG_ENABLE_OBJC_ARC = YES;
				CLANG_WARN_BLOCK_CAPTURE_AUTORELEASING = YES;
				CLANG_WARN_BOOL_CONVERSION = YES;
				CLANG_WARN_COMMA = YES;
				CLANG_WARN_CONSTANT_CONVERSION = YES;
				CLANG_WARN_DIRECT_OBJC_ISA_USAGE = YES_ERROR;
				CLANG_WARN_DOCUMENTATION_COMMENTS = YES;
				CLANG_WARN_EMPTY_BODY = YES;
				CLANG_WARN_ENUM_CONVERSION = YES;
				CLANG_WARN_INFINITE_RECURSION = YES;
				CLANG_WARN_INT_CONVERSION = YES;
				CLANG_WARN_NON_LITERAL_NULL_CONVERSION = YES;
				CLANG_WARN_OBJC_LITERAL_CONVERSION = YES;
				CLANG_WARN_OBJC_ROOT_CLASS = YES_ERROR;
				CLANG_WARN_RANGE_LOOP_ANALYSIS = YES;
				CLANG_WARN_STRICT_PROTOTYPES = YES;
				CLANG_WARN_SUSPICIOUS_MOVE = YES;
				CLANG_WARN_UNGUARDED_AVAILABILITY = YES_AGGRESSIVE;
				CLANG_WARN_UNREACHABLE_CODE = YES;
				CLANG_WARN__DUPLICATE_METHOD_MATCH = YES;
				CODE_SIGN_IDENTITY = "iPhone Developer";
				COPY_PHASE_STRIP = NO;
				DEBUG_INFORMATION_FORMAT = dwarf;
				ENABLE_STRICT_OBJC_MSGSEND = YES;
				ENABLE_TESTABILITY = YES;
				GCC_C_LANGUAGE_STANDARD = gnu11;
				GCC_DYNAMIC_NO_PIC = NO;
				GCC_NO_COMMON_BLOCKS = YES;
				GCC_OPTIMIZATION_LEVEL = 0;
				GCC_PREPROCESSOR_DEFINITIONS = (
					"DEBUG=1",
					"$(inherited)",
				);
				GCC_WARN_64_TO_32_BIT_CONVERSION = YES;
				GCC_WARN_ABOUT_RETURN_TYPE = YES_ERROR;
				GCC_WARN_UNDECLARED_SELECTOR = YES;
				GCC_WARN_UNINITIALIZED_AUTOS = YES_AGGRESSIVE;
				GCC_WARN_UNUSED_FUNCTION = YES;
				GCC_WARN_UNUSED_VARIABLE = YES;
				IPHONEOS_DEPLOYMENT_TARGET = 11.2;
				MTL_ENABLE_DEBUG_INFO = YES;
				ONLY_ACTIVE_ARCH = YES;
				SDKROOT = iphoneos;
				SWIFT_ACTIVE_COMPILATION_CONDITIONS = DEBUG;
				SWIFT_OPTIMIZATION_LEVEL = "-Onone";
			};
			name = Debug;
		};
		83C6F60320780FE700F0C74D /* Release */ = {
			isa = XCBuildConfiguration;
			buildSettings = {
				ALWAYS_SEARCH_USER_PATHS = NO;
				CLANG_ANALYZER_NONNULL = YES;
				CLANG_ANALYZER_NUMBER_OBJECT_CONVERSION = YES_AGGRESSIVE;
				CLANG_CXX_LANGUAGE_STANDARD = "gnu++14";
				CLANG_CXX_LIBRARY = "libc++";
				CLANG_ENABLE_MODULES = YES;
				CLANG_ENABLE_OBJC_ARC = YES;
				CLANG_WARN_BLOCK_CAPTURE_AUTORELEASING = YES;
				CLANG_WARN_BOOL_CONVERSION = YES;
				CLANG_WARN_COMMA = YES;
				CLANG_WARN_CONSTANT_CONVERSION = YES;
				CLANG_WARN_DIRECT_OBJC_ISA_USAGE = YES_ERROR;
				CLANG_WARN_DOCUMENTATION_COMMENTS = YES;
				CLANG_WARN_EMPTY_BODY = YES;
				CLANG_WARN_ENUM_CONVERSION = YES;
				CLANG_WARN_INFINITE_RECURSION = YES;
				CLANG_WARN_INT_CONVERSION = YES;
				CLANG_WARN_NON_LITERAL_NULL_CONVERSION = YES;
				CLANG_WARN_OBJC_LITERAL_CONVERSION = YES;
				CLANG_WARN_OBJC_ROOT_CLASS = YES_ERROR;
				CLANG_WARN_RANGE_LOOP_ANALYSIS = YES;
				CLANG_WARN_STRICT_PROTOTYPES = YES;
				CLANG_WARN_SUSPICIOUS_MOVE = YES;
				CLANG_WARN_UNGUARDED_AVAILABILITY = YES_AGGRESSIVE;
				CLANG_WARN_UNREACHABLE_CODE = YES;
				CLANG_WARN__DUPLICATE_METHOD_MATCH = YES;
				CODE_SIGN_IDENTITY = "iPhone Developer";
				COPY_PHASE_STRIP = NO;
				DEBUG_INFORMATION_FORMAT = "dwarf-with-dsym";
				ENABLE_NS_ASSERTIONS = NO;
				ENABLE_STRICT_OBJC_MSGSEND = YES;
				GCC_C_LANGUAGE_STANDARD = gnu11;
				GCC_NO_COMMON_BLOCKS = YES;
				GCC_WARN_64_TO_32_BIT_CONVERSION = YES;
				GCC_WARN_ABOUT_RETURN_TYPE = YES_ERROR;
				GCC_WARN_UNDECLARED_SELECTOR = YES;
				GCC_WARN_UNINITIALIZED_AUTOS = YES_AGGRESSIVE;
				GCC_WARN_UNUSED_FUNCTION = YES;
				GCC_WARN_UNUSED_VARIABLE = YES;
				IPHONEOS_DEPLOYMENT_TARGET = 11.2;
				MTL_ENABLE_DEBUG_INFO = NO;
				SDKROOT = iphoneos;
				SWIFT_OPTIMIZATION_LEVEL = "-Owholemodule";
				VALIDATE_PRODUCT = YES;
			};
			name = Release;
		};
		83C6F60520780FE700F0C74D /* Debug */ = {
			isa = XCBuildConfiguration;
			buildSettings = {
				ASSETCATALOG_COMPILER_APPICON_NAME = AppIcon;
				CODE_SIGN_STYLE = Automatic;
				DEVELOPMENT_TEAM = P6TTE9K9RG;
				FRAMEWORK_SEARCH_PATHS = "";
				INFOPLIST_FILE = "$(SRCROOT)/Source/Info.plist";
				LD_RUNPATH_SEARCH_PATHS = "$(inherited) @executable_path/Frameworks";
				PRODUCT_BUNDLE_IDENTIFIER = "de.christoph-wendt.ios.capable.Example";
				PRODUCT_NAME = "$(TARGET_NAME)";
				SWIFT_VERSION = 4.0;
				TARGETED_DEVICE_FAMILY = "1,2";
			};
			name = Debug;
		};
		83C6F60620780FE700F0C74D /* Release */ = {
			isa = XCBuildConfiguration;
			buildSettings = {
				ASSETCATALOG_COMPILER_APPICON_NAME = AppIcon;
				CODE_SIGN_STYLE = Automatic;
				DEVELOPMENT_TEAM = P6TTE9K9RG;
				FRAMEWORK_SEARCH_PATHS = "";
				INFOPLIST_FILE = "$(SRCROOT)/Source/Info.plist";
				LD_RUNPATH_SEARCH_PATHS = "$(inherited) @executable_path/Frameworks";
				PRODUCT_BUNDLE_IDENTIFIER = "de.christoph-wendt.ios.capable.Example";
				PRODUCT_NAME = "$(TARGET_NAME)";
				SWIFT_VERSION = 4.0;
				TARGETED_DEVICE_FAMILY = "1,2";
			};
			name = Release;
		};
		83C6F60820780FE700F0C74D /* Debug */ = {
			isa = XCBuildConfiguration;
			buildSettings = {
				ALWAYS_EMBED_SWIFT_STANDARD_LIBRARIES = YES;
				BUNDLE_LOADER = "$(TEST_HOST)";
				CODE_SIGN_STYLE = Automatic;
				DEVELOPMENT_TEAM = P6TTE9K9RG;
				INFOPLIST_FILE = Tests/Info.plist;
				LD_RUNPATH_SEARCH_PATHS = "$(inherited) @executable_path/Frameworks @loader_path/Frameworks";
				PRODUCT_BUNDLE_IDENTIFIER = "de.christoph-wendt.ios.capable.ExampleTests";
				PRODUCT_NAME = "$(TARGET_NAME)";
				SWIFT_VERSION = 4.0;
				TARGETED_DEVICE_FAMILY = "1,2";
				TEST_HOST = "$(BUILT_PRODUCTS_DIR)/Example.app/Example";
			};
			name = Debug;
		};
		83C6F60920780FE700F0C74D /* Release */ = {
			isa = XCBuildConfiguration;
			buildSettings = {
				ALWAYS_EMBED_SWIFT_STANDARD_LIBRARIES = YES;
				BUNDLE_LOADER = "$(TEST_HOST)";
				CODE_SIGN_STYLE = Automatic;
				DEVELOPMENT_TEAM = P6TTE9K9RG;
				INFOPLIST_FILE = Tests/Info.plist;
				LD_RUNPATH_SEARCH_PATHS = "$(inherited) @executable_path/Frameworks @loader_path/Frameworks";
				PRODUCT_BUNDLE_IDENTIFIER = "de.christoph-wendt.ios.capable.ExampleTests";
				PRODUCT_NAME = "$(TARGET_NAME)";
				SWIFT_VERSION = 4.0;
				TARGETED_DEVICE_FAMILY = "1,2";
				TEST_HOST = "$(BUILT_PRODUCTS_DIR)/Example.app/Example";
			};
			name = Release;
		};
		83C6F60B20780FE700F0C74D /* Debug */ = {
			isa = XCBuildConfiguration;
			buildSettings = {
				ALWAYS_EMBED_SWIFT_STANDARD_LIBRARIES = YES;
				CODE_SIGN_STYLE = Automatic;
				DEVELOPMENT_TEAM = P6TTE9K9RG;
				INFOPLIST_FILE = UITests/Info.plist;
				LD_RUNPATH_SEARCH_PATHS = "$(inherited) @executable_path/Frameworks @loader_path/Frameworks";
				PRODUCT_BUNDLE_IDENTIFIER = "de.christoph-wendt.ios.capable.ExampleUITests";
				PRODUCT_NAME = "$(TARGET_NAME)";
				SWIFT_VERSION = 4.0;
				TARGETED_DEVICE_FAMILY = "1,2";
				TEST_TARGET_NAME = Example;
			};
			name = Debug;
		};
		83C6F60C20780FE700F0C74D /* Release */ = {
			isa = XCBuildConfiguration;
			buildSettings = {
				ALWAYS_EMBED_SWIFT_STANDARD_LIBRARIES = YES;
				CODE_SIGN_STYLE = Automatic;
				DEVELOPMENT_TEAM = P6TTE9K9RG;
				INFOPLIST_FILE = UITests/Info.plist;
				LD_RUNPATH_SEARCH_PATHS = "$(inherited) @executable_path/Frameworks @loader_path/Frameworks";
				PRODUCT_BUNDLE_IDENTIFIER = "de.christoph-wendt.ios.capable.ExampleUITests";
				PRODUCT_NAME = "$(TARGET_NAME)";
				SWIFT_VERSION = 4.0;
				TARGETED_DEVICE_FAMILY = "1,2";
				TEST_TARGET_NAME = Example;
			};
			name = Release;
		};
/* End XCBuildConfiguration section */

/* Begin XCConfigurationList section */
		83C6F5D720780FE700F0C74D /* Build configuration list for PBXProject "Example" */ = {
			isa = XCConfigurationList;
			buildConfigurations = (
				83C6F60220780FE700F0C74D /* Debug */,
				83C6F60320780FE700F0C74D /* Release */,
			);
			defaultConfigurationIsVisible = 0;
			defaultConfigurationName = Release;
		};
		83C6F60420780FE700F0C74D /* Build configuration list for PBXNativeTarget "Example" */ = {
			isa = XCConfigurationList;
			buildConfigurations = (
				83C6F60520780FE700F0C74D /* Debug */,
				83C6F60620780FE700F0C74D /* Release */,
			);
			defaultConfigurationIsVisible = 0;
			defaultConfigurationName = Release;
		};
		83C6F60720780FE700F0C74D /* Build configuration list for PBXNativeTarget "ExampleTests" */ = {
			isa = XCConfigurationList;
			buildConfigurations = (
				83C6F60820780FE700F0C74D /* Debug */,
				83C6F60920780FE700F0C74D /* Release */,
			);
			defaultConfigurationIsVisible = 0;
			defaultConfigurationName = Release;
		};
		83C6F60A20780FE700F0C74D /* Build configuration list for PBXNativeTarget "ExampleUITests" */ = {
			isa = XCConfigurationList;
			buildConfigurations = (
				83C6F60B20780FE700F0C74D /* Debug */,
				83C6F60C20780FE700F0C74D /* Release */,
			);
			defaultConfigurationIsVisible = 0;
			defaultConfigurationName = Release;
		};
/* End XCConfigurationList section */
	};
	rootObject = 83C6F5D420780FE700F0C74D /* Project object */;
}
