// !$*UTF8*$!
{
	archiveVersion = 1;
	classes = {
	};
	objectVersion = 48;
	objects = {

/* Begin PBXBuildFile section */
		831B4EF720A4A25A00F1BB94 /* Quick.framework in Frameworks */ = {isa = PBXBuildFile; fileRef = 83F0479D20A49F7400C4CA60 /* Quick.framework */; };
		831B4EF820A4A25A00F1BB94 /* Nimble.framework in Frameworks */ = {isa = PBXBuildFile; fileRef = 83F0479920A49F6900C4CA60 /* Nimble.framework */; };
		831B4EF920A4A25A00F1BB94 /* Quick.framework in Frameworks */ = {isa = PBXBuildFile; fileRef = 83A8EE5B206FB8660043EB34 /* Quick.framework */; };
		831B4EFA20A4A25A00F1BB94 /* Nimble.framework in Frameworks */ = {isa = PBXBuildFile; fileRef = 83A8EE59206FB8410043EB34 /* Nimble.framework */; };
		831B4F2F20A4EEA700F1BB94 /* StatusesMock.swift in Sources */ = {isa = PBXBuildFile; fileRef = 831B4F2E20A4EEA700F1BB94 /* StatusesMock.swift */; };
		833DB9BF206C164B00C8DA02 /* Notification+Name.swift in Sources */ = {isa = PBXBuildFile; fileRef = 833DB9BE206C164B00C8DA02 /* Notification+Name.swift */; };
		833DB9C2206C188B00C8DA02 /* FeatureStatus.swift in Sources */ = {isa = PBXBuildFile; fileRef = 833DB9C1206C188B00C8DA02 /* FeatureStatus.swift */; };
		837EE71420F1592A00AC8A11 /* ContentSizeHelper.swift in Sources */ = {isa = PBXBuildFile; fileRef = 837EE71320F1592A00AC8A11 /* ContentSizeHelper.swift */; };
		8382A322206E350F00E264A3 /* Statuses.swift in Sources */ = {isa = PBXBuildFile; fileRef = 8382A321206E350F00E264A3 /* Statuses.swift */; };
		8382A324206EB40500E264A3 /* NotificationsProtocol.swift in Sources */ = {isa = PBXBuildFile; fileRef = 8382A323206EB40500E264A3 /* NotificationsProtocol.swift */; };
		8382A326206EB46E00E264A3 /* Notifications.swift in Sources */ = {isa = PBXBuildFile; fileRef = 8382A325206EB46E00E264A3 /* Notifications.swift */; };
		83973ADA206FD22C0057CD4F /* UIFont+ScaledFont.swift in Sources */ = {isa = PBXBuildFile; fileRef = 83973AD9206FD22C0057CD4F /* UIFont+ScaledFont.swift */; };
		83973ADD206FD3A40057CD4F /* FontMetricsProtocol.swift in Sources */ = {isa = PBXBuildFile; fileRef = 83973ADC206FD3A40057CD4F /* FontMetricsProtocol.swift */; };
		83973ADF206FD4080057CD4F /* FontMetrics.swift in Sources */ = {isa = PBXBuildFile; fileRef = 83973ADE206FD4080057CD4F /* FontMetrics.swift */; };
		83B5FFE42065336F00E8E83F /* Capable.swift in Sources */ = {isa = PBXBuildFile; fileRef = 83B5FFE32065336F00E8E83F /* Capable.swift */; };
		83B5FFE62065352500E8E83F /* CapableFeature.swift in Sources */ = {isa = PBXBuildFile; fileRef = 83B5FFE52065352500E8E83F /* CapableFeature.swift */; };
		83B5FFEB206542FC00E8E83F /* StatusesProtocol.swift in Sources */ = {isa = PBXBuildFile; fileRef = 83B5FFEA206542FC00E8E83F /* StatusesProtocol.swift */; };
		83BB09D22087CE4C000420C5 /* NotificationsMock.swift in Sources */ = {isa = PBXBuildFile; fileRef = 83BB09D12087CE4C000420C5 /* NotificationsMock.swift */; };
		83CAA3F82097BEEC003F231D /* OsVersionProvider.swift in Sources */ = {isa = PBXBuildFile; fileRef = 83CAA3F72097BEEC003F231D /* OsVersionProvider.swift */; };
		83CAA3FA2097BF9B003F231D /* OsVersionProviderProtocol.swift in Sources */ = {isa = PBXBuildFile; fileRef = 83CAA3F92097BF9B003F231D /* OsVersionProviderProtocol.swift */; };
		83CAA3FC2097C216003F231D /* OsVersionProviderMock.swift in Sources */ = {isa = PBXBuildFile; fileRef = 83CAA3FB2097C216003F231D /* OsVersionProviderMock.swift */; };
		83CAA3FE2097C2D5003F231D /* FontMetricsMock.swift in Sources */ = {isa = PBXBuildFile; fileRef = 83CAA3FD2097C2D5003F231D /* FontMetricsMock.swift */; };
		83D2A46920F006000032054C /* String+ContentSizeCategoryString.swift in Sources */ = {isa = PBXBuildFile; fileRef = 83D2A46820F006000032054C /* String+ContentSizeCategoryString.swift */; };
		83DA75F72065167600303D8F /* CapableSpec.swift in Sources */ = {isa = PBXBuildFile; fileRef = 83DA75F62065167600303D8F /* CapableSpec.swift */; };
		83DA75F92065167600303D8F /* Capable.h in Headers */ = {isa = PBXBuildFile; fileRef = 83DA75EB2065167600303D8F /* Capable.h */; settings = {ATTRIBUTES = (Public, ); }; };
		83DB72462069891200384B3F /* UIContentSizeCategory+stringValue.swift in Sources */ = {isa = PBXBuildFile; fileRef = 83DB72452069891200384B3F /* UIContentSizeCategory+stringValue.swift */; };
		83DB724820698EB400384B3F /* Bool+statusString.swift in Sources */ = {isa = PBXBuildFile; fileRef = 83DB724720698EB400384B3F /* Bool+statusString.swift */; };
/* End PBXBuildFile section */

/* Begin PBXContainerItemProxy section */
		83DA75F32065167600303D8F /* PBXContainerItemProxy */ = {
			isa = PBXContainerItemProxy;
			containerPortal = 83DA75DF2065167600303D8F /* Project object */;
			proxyType = 1;
			remoteGlobalIDString = 83DA75E72065167600303D8F;
			remoteInfo = "Low Vision";
		};
/* End PBXContainerItemProxy section */

/* Begin PBXFileReference section */
		831B4F2E20A4EEA700F1BB94 /* StatusesMock.swift */ = {isa = PBXFileReference; fileEncoding = 4; lastKnownFileType = sourcecode.swift; name = StatusesMock.swift; path = Tests/Mocks/StatusesMock.swift; sourceTree = SOURCE_ROOT; };
		833DB9BE206C164B00C8DA02 /* Notification+Name.swift */ = {isa = PBXFileReference; lastKnownFileType = sourcecode.swift; path = "Notification+Name.swift"; sourceTree = "<group>"; };
		833DB9C1206C188B00C8DA02 /* FeatureStatus.swift */ = {isa = PBXFileReference; lastKnownFileType = sourcecode.swift; path = FeatureStatus.swift; sourceTree = "<group>"; };
		837EE71320F1592A00AC8A11 /* ContentSizeHelper.swift */ = {isa = PBXFileReference; lastKnownFileType = sourcecode.swift; path = ContentSizeHelper.swift; sourceTree = "<group>"; };
		8382A321206E350F00E264A3 /* Statuses.swift */ = {isa = PBXFileReference; lastKnownFileType = sourcecode.swift; path = Statuses.swift; sourceTree = "<group>"; };
		8382A323206EB40500E264A3 /* NotificationsProtocol.swift */ = {isa = PBXFileReference; lastKnownFileType = sourcecode.swift; path = NotificationsProtocol.swift; sourceTree = "<group>"; };
		8382A325206EB46E00E264A3 /* Notifications.swift */ = {isa = PBXFileReference; lastKnownFileType = sourcecode.swift; path = Notifications.swift; sourceTree = "<group>"; };
		83973AD9206FD22C0057CD4F /* UIFont+ScaledFont.swift */ = {isa = PBXFileReference; lastKnownFileType = sourcecode.swift; path = "UIFont+ScaledFont.swift"; sourceTree = "<group>"; };
		83973ADC206FD3A40057CD4F /* FontMetricsProtocol.swift */ = {isa = PBXFileReference; lastKnownFileType = sourcecode.swift; path = FontMetricsProtocol.swift; sourceTree = "<group>"; };
		83973ADE206FD4080057CD4F /* FontMetrics.swift */ = {isa = PBXFileReference; lastKnownFileType = sourcecode.swift; path = FontMetrics.swift; sourceTree = "<group>"; };
		83A8EE59206FB8410043EB34 /* Nimble.framework */ = {isa = PBXFileReference; lastKnownFileType = wrapper.framework; name = Nimble.framework; path = Carthage/Build/iOS/Nimble.framework; sourceTree = "<group>"; };
		83A8EE5B206FB8660043EB34 /* Quick.framework */ = {isa = PBXFileReference; lastKnownFileType = wrapper.framework; name = Quick.framework; path = Carthage/Build/iOS/Quick.framework; sourceTree = "<group>"; };
		83B5FFE32065336F00E8E83F /* Capable.swift */ = {isa = PBXFileReference; lastKnownFileType = sourcecode.swift; path = Capable.swift; sourceTree = "<group>"; };
		83B5FFE52065352500E8E83F /* CapableFeature.swift */ = {isa = PBXFileReference; lastKnownFileType = sourcecode.swift; path = CapableFeature.swift; sourceTree = "<group>"; };
		83B5FFEA206542FC00E8E83F /* StatusesProtocol.swift */ = {isa = PBXFileReference; lastKnownFileType = sourcecode.swift; path = StatusesProtocol.swift; sourceTree = "<group>"; };
		83BB09D12087CE4C000420C5 /* NotificationsMock.swift */ = {isa = PBXFileReference; lastKnownFileType = sourcecode.swift; name = NotificationsMock.swift; path = Tests/Mocks/NotificationsMock.swift; sourceTree = SOURCE_ROOT; };
		83CAA3F72097BEEC003F231D /* OsVersionProvider.swift */ = {isa = PBXFileReference; lastKnownFileType = sourcecode.swift; path = OsVersionProvider.swift; sourceTree = "<group>"; };
		83CAA3F92097BF9B003F231D /* OsVersionProviderProtocol.swift */ = {isa = PBXFileReference; lastKnownFileType = sourcecode.swift; path = OsVersionProviderProtocol.swift; sourceTree = "<group>"; };
		83CAA3FB2097C216003F231D /* OsVersionProviderMock.swift */ = {isa = PBXFileReference; lastKnownFileType = sourcecode.swift; name = OsVersionProviderMock.swift; path = Tests/Mocks/OsVersionProviderMock.swift; sourceTree = SOURCE_ROOT; };
		83CAA3FD2097C2D5003F231D /* FontMetricsMock.swift */ = {isa = PBXFileReference; lastKnownFileType = sourcecode.swift; name = FontMetricsMock.swift; path = Tests/Mocks/FontMetricsMock.swift; sourceTree = SOURCE_ROOT; };
		83CAA40120990AB5003F231D /* WatchKit.framework */ = {isa = PBXFileReference; lastKnownFileType = wrapper.framework; name = WatchKit.framework; path = System/Library/Frameworks/WatchKit.framework; sourceTree = SDKROOT; };
		83D2A46820F006000032054C /* String+ContentSizeCategoryString.swift */ = {isa = PBXFileReference; lastKnownFileType = sourcecode.swift; path = "String+ContentSizeCategoryString.swift"; sourceTree = "<group>"; };
		83DA75E82065167600303D8F /* Capable.framework */ = {isa = PBXFileReference; explicitFileType = wrapper.framework; includeInIndex = 0; path = Capable.framework; sourceTree = BUILT_PRODUCTS_DIR; };
		83DA75EB2065167600303D8F /* Capable.h */ = {isa = PBXFileReference; lastKnownFileType = sourcecode.c.h; path = Capable.h; sourceTree = "<group>"; };
		83DA75EC2065167600303D8F /* Info.plist */ = {isa = PBXFileReference; lastKnownFileType = text.plist.xml; path = Info.plist; sourceTree = "<group>"; };
		83DA75F12065167600303D8F /* CapableTests.xctest */ = {isa = PBXFileReference; explicitFileType = wrapper.cfbundle; includeInIndex = 0; path = CapableTests.xctest; sourceTree = BUILT_PRODUCTS_DIR; };
		83DA75F62065167600303D8F /* CapableSpec.swift */ = {isa = PBXFileReference; lastKnownFileType = sourcecode.swift; path = CapableSpec.swift; sourceTree = "<group>"; };
		83DA75F82065167600303D8F /* Info.plist */ = {isa = PBXFileReference; lastKnownFileType = text.plist.xml; path = Info.plist; sourceTree = "<group>"; };
		83DB72452069891200384B3F /* UIContentSizeCategory+stringValue.swift */ = {isa = PBXFileReference; lastKnownFileType = sourcecode.swift; path = "UIContentSizeCategory+stringValue.swift"; sourceTree = "<group>"; };
		83DB724720698EB400384B3F /* Bool+statusString.swift */ = {isa = PBXFileReference; lastKnownFileType = sourcecode.swift; path = "Bool+statusString.swift"; sourceTree = "<group>"; };
		83F0479920A49F6900C4CA60 /* Nimble.framework */ = {isa = PBXFileReference; lastKnownFileType = wrapper.framework; name = Nimble.framework; path = Carthage/Build/tvOS/Nimble.framework; sourceTree = "<group>"; };
		83F0479D20A49F7400C4CA60 /* Quick.framework */ = {isa = PBXFileReference; lastKnownFileType = wrapper.framework; name = Quick.framework; path = Carthage/Build/tvOS/Quick.framework; sourceTree = "<group>"; };
/* End PBXFileReference section */

/* Begin PBXFrameworksBuildPhase section */
		83DA75E42065167600303D8F /* Frameworks */ = {
			isa = PBXFrameworksBuildPhase;
			buildActionMask = 2147483647;
			files = (
			);
			runOnlyForDeploymentPostprocessing = 0;
		};
		83DA75EE2065167600303D8F /* Frameworks */ = {
			isa = PBXFrameworksBuildPhase;
			buildActionMask = 2147483647;
			files = (
				831B4EF720A4A25A00F1BB94 /* Quick.framework in Frameworks */,
				831B4EF820A4A25A00F1BB94 /* Nimble.framework in Frameworks */,
				831B4EF920A4A25A00F1BB94 /* Quick.framework in Frameworks */,
				831B4EFA20A4A25A00F1BB94 /* Nimble.framework in Frameworks */,
			);
			runOnlyForDeploymentPostprocessing = 0;
		};
/* End PBXFrameworksBuildPhase section */

/* Begin PBXGroup section */
		833DB9C0206C187C00C8DA02 /* Models */ = {
			isa = PBXGroup;
			children = (
				83B5FFE52065352500E8E83F /* CapableFeature.swift */,
				833DB9C1206C188B00C8DA02 /* FeatureStatus.swift */,
			);
			path = Models;
			sourceTree = "<group>";
		};
		837EE71220F1590500AC8A11 /* Utilities */ = {
			isa = PBXGroup;
			children = (
				837EE71320F1592A00AC8A11 /* ContentSizeHelper.swift */,
			);
			path = Utilities;
			sourceTree = "<group>";
		};
		8382A327206EC73400E264A3 /* Notifications */ = {
			isa = PBXGroup;
			children = (
				8382A325206EB46E00E264A3 /* Notifications.swift */,
				8382A323206EB40500E264A3 /* NotificationsProtocol.swift */,
			);
			path = Notifications;
			sourceTree = "<group>";
		};
		83973AD6206FD1B80057CD4F /* Features */ = {
			isa = PBXGroup;
			children = (
				83B5FFE32065336F00E8E83F /* Capable.swift */,
				83DB7243206988DC00384B3F /* Extensions */,
				833DB9C0206C187C00C8DA02 /* Models */,
				8382A327206EC73400E264A3 /* Notifications */,
				83B5FFE720653AC000E8E83F /* Statuses */,
				837EE71220F1590500AC8A11 /* Utilities */,
			);
			path = Features;
			sourceTree = "<group>";
		};
		83973AD7206FD1E00057CD4F /* Fonts */ = {
			isa = PBXGroup;
			children = (
				83973ADB206FD2EA0057CD4F /* FontMetrics */,
				83973AD8206FD1F30057CD4F /* Extensions */,
			);
			path = Fonts;
			sourceTree = "<group>";
		};
		83973AD8206FD1F30057CD4F /* Extensions */ = {
			isa = PBXGroup;
			children = (
				83973AD9206FD22C0057CD4F /* UIFont+ScaledFont.swift */,
			);
			path = Extensions;
			sourceTree = "<group>";
		};
		83973ADB206FD2EA0057CD4F /* FontMetrics */ = {
			isa = PBXGroup;
			children = (
				83973ADC206FD3A40057CD4F /* FontMetricsProtocol.swift */,
				83973ADE206FD4080057CD4F /* FontMetrics.swift */,
				83CAA3F72097BEEC003F231D /* OsVersionProvider.swift */,
				83CAA3F92097BF9B003F231D /* OsVersionProviderProtocol.swift */,
			);
			path = FontMetrics;
			sourceTree = "<group>";
		};
		83B5FFE720653AC000E8E83F /* Statuses */ = {
			isa = PBXGroup;
			children = (
				8382A321206E350F00E264A3 /* Statuses.swift */,
				83B5FFEA206542FC00E8E83F /* StatusesProtocol.swift */,
			);
			path = Statuses;
			sourceTree = "<group>";
		};
		83B5FFEC2065449B00E8E83F /* Frameworks */ = {
			isa = PBXGroup;
			children = (
				83F0479D20A49F7400C4CA60 /* Quick.framework */,
				83F0479920A49F6900C4CA60 /* Nimble.framework */,
				83CAA40120990AB5003F231D /* WatchKit.framework */,
				83A8EE5B206FB8660043EB34 /* Quick.framework */,
				83A8EE59206FB8410043EB34 /* Nimble.framework */,
			);
			name = Frameworks;
			sourceTree = "<group>";
		};
		83BB09D02087CE29000420C5 /* Mocks */ = {
			isa = PBXGroup;
			children = (
				83CAA3FD2097C2D5003F231D /* FontMetricsMock.swift */,
				83BB09D12087CE4C000420C5 /* NotificationsMock.swift */,
				83CAA3FB2097C216003F231D /* OsVersionProviderMock.swift */,
				831B4F2E20A4EEA700F1BB94 /* StatusesMock.swift */,
			);
			path = Mocks;
			sourceTree = "<group>";
		};
		83DA75DE2065167600303D8F = {
			isa = PBXGroup;
			children = (
				83DA75EA2065167600303D8F /* Source */,
				83DA75F52065167600303D8F /* Tests */,
				83DA75E92065167600303D8F /* Products */,
				83B5FFEC2065449B00E8E83F /* Frameworks */,
			);
			sourceTree = "<group>";
		};
		83DA75E92065167600303D8F /* Products */ = {
			isa = PBXGroup;
			children = (
				83DA75E82065167600303D8F /* Capable.framework */,
				83DA75F12065167600303D8F /* CapableTests.xctest */,
			);
			name = Products;
			sourceTree = "<group>";
		};
		83DA75EA2065167600303D8F /* Source */ = {
			isa = PBXGroup;
			children = (
				83973AD7206FD1E00057CD4F /* Fonts */,
				83973AD6206FD1B80057CD4F /* Features */,
				83DA75EB2065167600303D8F /* Capable.h */,
				83DA75EC2065167600303D8F /* Info.plist */,
			);
			path = Source;
			sourceTree = "<group>";
		};
		83DA75F52065167600303D8F /* Tests */ = {
			isa = PBXGroup;
			children = (
				83BB09D02087CE29000420C5 /* Mocks */,
				83DA75F62065167600303D8F /* CapableSpec.swift */,
				83DA75F82065167600303D8F /* Info.plist */,
			);
			path = Tests;
			sourceTree = "<group>";
		};
		83DB7243206988DC00384B3F /* Extensions */ = {
			isa = PBXGroup;
			children = (
				83DB724720698EB400384B3F /* Bool+statusString.swift */,
				833DB9BE206C164B00C8DA02 /* Notification+Name.swift */,
				83D2A46820F006000032054C /* String+ContentSizeCategoryString.swift */,
				83DB72452069891200384B3F /* UIContentSizeCategory+stringValue.swift */,
			);
			path = Extensions;
			sourceTree = "<group>";
		};
/* End PBXGroup section */

/* Begin PBXHeadersBuildPhase section */
		83DA75E52065167600303D8F /* Headers */ = {
			isa = PBXHeadersBuildPhase;
			buildActionMask = 2147483647;
			files = (
				83DA75F92065167600303D8F /* Capable.h in Headers */,
			);
			runOnlyForDeploymentPostprocessing = 0;
		};
/* End PBXHeadersBuildPhase section */

/* Begin PBXNativeTarget section */
		83DA75E72065167600303D8F /* Capable */ = {
			isa = PBXNativeTarget;
			buildConfigurationList = 83DA75FC2065167600303D8F /* Build configuration list for PBXNativeTarget "Capable" */;
			buildPhases = (
				83DA75E32065167600303D8F /* Sources */,
				83DA75E42065167600303D8F /* Frameworks */,
				83DA75E52065167600303D8F /* Headers */,
				83DA75E62065167600303D8F /* Resources */,
			);
			buildRules = (
			);
			dependencies = (
			);
			name = Capable;
			productName = "Low Vision";
			productReference = 83DA75E82065167600303D8F /* Capable.framework */;
			productType = "com.apple.product-type.framework";
		};
		83DA75F02065167600303D8F /* CapableTests */ = {
			isa = PBXNativeTarget;
			buildConfigurationList = 83DA75FF2065167600303D8F /* Build configuration list for PBXNativeTarget "CapableTests" */;
			buildPhases = (
				83DA75ED2065167600303D8F /* Sources */,
				83DA75EE2065167600303D8F /* Frameworks */,
				83F0479620A499F100C4CA60 /* Copy Frameworks */,
			);
			buildRules = (
			);
			dependencies = (
				83DA75F42065167600303D8F /* PBXTargetDependency */,
			);
			name = CapableTests;
			productName = "Low VisionTests";
			productReference = 83DA75F12065167600303D8F /* CapableTests.xctest */;
			productType = "com.apple.product-type.bundle.unit-test";
		};
/* End PBXNativeTarget section */

/* Begin PBXProject section */
		83DA75DF2065167600303D8F /* Project object */ = {
			isa = PBXProject;
			attributes = {
				LastSwiftUpdateCheck = 0920;
				LastUpgradeCheck = 0920;
				TargetAttributes = {
					83DA75E72065167600303D8F = {
						CreatedOnToolsVersion = 9.2;
						LastSwiftMigration = 0920;
						ProvisioningStyle = Automatic;
					};
					83DA75F02065167600303D8F = {
						CreatedOnToolsVersion = 9.2;
						ProvisioningStyle = Automatic;
					};
				};
			};
			buildConfigurationList = 83DA75E22065167600303D8F /* Build configuration list for PBXProject "Capable" */;
			compatibilityVersion = "Xcode 8.0";
			developmentRegion = en;
			hasScannedForEncodings = 0;
			knownRegions = (
				en,
				Base,
			);
			mainGroup = 83DA75DE2065167600303D8F;
			productRefGroup = 83DA75E92065167600303D8F /* Products */;
			projectDirPath = "";
			projectRoot = "";
			targets = (
				83DA75E72065167600303D8F /* Capable */,
				83DA75F02065167600303D8F /* CapableTests */,
			);
		};
/* End PBXProject section */

/* Begin PBXResourcesBuildPhase section */
		83DA75E62065167600303D8F /* Resources */ = {
			isa = PBXResourcesBuildPhase;
			buildActionMask = 2147483647;
			files = (
			);
			runOnlyForDeploymentPostprocessing = 0;
		};
/* End PBXResourcesBuildPhase section */

/* Begin PBXShellScriptBuildPhase section */
		83F0479620A499F100C4CA60 /* Copy Frameworks */ = {
			isa = PBXShellScriptBuildPhase;
			buildActionMask = 2147483647;
			files = (
			);
			inputPaths = (
			);
			name = "Copy Frameworks";
			outputPaths = (
			);
			runOnlyForDeploymentPostprocessing = 0;
			shellPath = /bin/sh;
			shellScript = "for path in $FRAMEWORK_SEARCH_PATHS\ndo\nif [[ $path == *\"Carthage\"* ]];\nthen\n    export SCRIPT_INPUT_FILE_COUNT=2\n    export SCRIPT_INPUT_FILE_0=\"${path}/Quick.framework\"\n    export SCRIPT_INPUT_FILE_1=\"${path}/Nimble.framework\"\n    /usr/local/bin/carthage copy-frameworks\n    break\nfi\ndone";
		};
/* End PBXShellScriptBuildPhase section */

/* Begin PBXSourcesBuildPhase section */
		83DA75E32065167600303D8F /* Sources */ = {
			isa = PBXSourcesBuildPhase;
			buildActionMask = 2147483647;
			files = (
				83973ADF206FD4080057CD4F /* FontMetrics.swift in Sources */,
				8382A324206EB40500E264A3 /* NotificationsProtocol.swift in Sources */,
				83D2A46920F006000032054C /* String+ContentSizeCategoryString.swift in Sources */,
				83BB09D22087CE4C000420C5 /* NotificationsMock.swift in Sources */,
				83973ADA206FD22C0057CD4F /* UIFont+ScaledFont.swift in Sources */,
				83B5FFE42065336F00E8E83F /* Capable.swift in Sources */,
				83CAA3FA2097BF9B003F231D /* OsVersionProviderProtocol.swift in Sources */,
				83CAA3F82097BEEC003F231D /* OsVersionProvider.swift in Sources */,
				831B4F2F20A4EEA700F1BB94 /* StatusesMock.swift in Sources */,
				837EE71420F1592A00AC8A11 /* ContentSizeHelper.swift in Sources */,
				83DB72462069891200384B3F /* UIContentSizeCategory+stringValue.swift in Sources */,
				83973ADD206FD3A40057CD4F /* FontMetricsProtocol.swift in Sources */,
				83DB724820698EB400384B3F /* Bool+statusString.swift in Sources */,
				833DB9C2206C188B00C8DA02 /* FeatureStatus.swift in Sources */,
				8382A326206EB46E00E264A3 /* Notifications.swift in Sources */,
				833DB9BF206C164B00C8DA02 /* Notification+Name.swift in Sources */,
				83B5FFEB206542FC00E8E83F /* StatusesProtocol.swift in Sources */,
				83CAA3FC2097C216003F231D /* OsVersionProviderMock.swift in Sources */,
				83CAA3FE2097C2D5003F231D /* FontMetricsMock.swift in Sources */,
				83B5FFE62065352500E8E83F /* CapableFeature.swift in Sources */,
				8382A322206E350F00E264A3 /* Statuses.swift in Sources */,
			);
			runOnlyForDeploymentPostprocessing = 0;
		};
		83DA75ED2065167600303D8F /* Sources */ = {
			isa = PBXSourcesBuildPhase;
			buildActionMask = 2147483647;
			files = (
				83DA75F72065167600303D8F /* CapableSpec.swift in Sources */,
			);
			runOnlyForDeploymentPostprocessing = 0;
		};
/* End PBXSourcesBuildPhase section */

/* Begin PBXTargetDependency section */
		83DA75F42065167600303D8F /* PBXTargetDependency */ = {
			isa = PBXTargetDependency;
			target = 83DA75E72065167600303D8F /* Capable */;
			targetProxy = 83DA75F32065167600303D8F /* PBXContainerItemProxy */;
		};
/* End PBXTargetDependency section */

/* Begin XCBuildConfiguration section */
		83DA75FA2065167600303D8F /* Debug */ = {
			isa = XCBuildConfiguration;
			buildSettings = {
				ALWAYS_SEARCH_USER_PATHS = NO;
				CLANG_ANALYZER_NONNULL = YES;
				CLANG_ANALYZER_NUMBER_OBJECT_CONVERSION = YES_AGGRESSIVE;
				CLANG_CXX_LANGUAGE_STANDARD = "gnu++14";
				CLANG_CXX_LIBRARY = "libc++";
				CLANG_ENABLE_MODULES = YES;
				CLANG_ENABLE_OBJC_ARC = YES;
				CLANG_WARN_BLOCK_CAPTURE_AUTORELEASING = YES;
				CLANG_WARN_BOOL_CONVERSION = YES;
				CLANG_WARN_COMMA = YES;
				CLANG_WARN_CONSTANT_CONVERSION = YES;
				CLANG_WARN_DIRECT_OBJC_ISA_USAGE = YES_ERROR;
				CLANG_WARN_DOCUMENTATION_COMMENTS = YES;
				CLANG_WARN_EMPTY_BODY = YES;
				CLANG_WARN_ENUM_CONVERSION = YES;
				CLANG_WARN_INFINITE_RECURSION = YES;
				CLANG_WARN_INT_CONVERSION = YES;
				CLANG_WARN_NON_LITERAL_NULL_CONVERSION = YES;
				CLANG_WARN_OBJC_LITERAL_CONVERSION = YES;
				CLANG_WARN_OBJC_ROOT_CLASS = YES_ERROR;
				CLANG_WARN_RANGE_LOOP_ANALYSIS = YES;
				CLANG_WARN_STRICT_PROTOTYPES = YES;
				CLANG_WARN_SUSPICIOUS_MOVE = YES;
				CLANG_WARN_UNGUARDED_AVAILABILITY = YES_AGGRESSIVE;
				CLANG_WARN_UNREACHABLE_CODE = YES;
				CLANG_WARN__DUPLICATE_METHOD_MATCH = YES;
				CODE_SIGN_IDENTITY = "iPhone Developer";
				COPY_PHASE_STRIP = NO;
				CURRENT_PROJECT_VERSION = 1;
				DEBUG_INFORMATION_FORMAT = dwarf;
				ENABLE_STRICT_OBJC_MSGSEND = YES;
				ENABLE_TESTABILITY = YES;
				GCC_C_LANGUAGE_STANDARD = gnu11;
				GCC_DYNAMIC_NO_PIC = NO;
				GCC_NO_COMMON_BLOCKS = YES;
				GCC_OPTIMIZATION_LEVEL = 0;
				GCC_PREPROCESSOR_DEFINITIONS = (
					"DEBUG=1",
					"$(inherited)",
				);
				GCC_WARN_64_TO_32_BIT_CONVERSION = YES;
				GCC_WARN_ABOUT_RETURN_TYPE = YES_ERROR;
				GCC_WARN_UNDECLARED_SELECTOR = YES;
				GCC_WARN_UNINITIALIZED_AUTOS = YES_AGGRESSIVE;
				GCC_WARN_UNUSED_FUNCTION = YES;
				GCC_WARN_UNUSED_VARIABLE = YES;
				IPHONEOS_DEPLOYMENT_TARGET = 10.0;
				MTL_ENABLE_DEBUG_INFO = YES;
				ONLY_ACTIVE_ARCH = YES;
				"OTHER_LDFLAGS[sdk=watchos*]" = "-WatchKit.framework";
				SDKROOT = iphoneos;
				SWIFT_ACTIVE_COMPILATION_CONDITIONS = DEBUG;
				SWIFT_OPTIMIZATION_LEVEL = "-Onone";
				VERSIONING_SYSTEM = "apple-generic";
				VERSION_INFO_PREFIX = "";
			};
			name = Debug;
		};
		83DA75FB2065167600303D8F /* Release */ = {
			isa = XCBuildConfiguration;
			buildSettings = {
				ALWAYS_SEARCH_USER_PATHS = NO;
				CLANG_ANALYZER_NONNULL = YES;
				CLANG_ANALYZER_NUMBER_OBJECT_CONVERSION = YES_AGGRESSIVE;
				CLANG_CXX_LANGUAGE_STANDARD = "gnu++14";
				CLANG_CXX_LIBRARY = "libc++";
				CLANG_ENABLE_MODULES = YES;
				CLANG_ENABLE_OBJC_ARC = YES;
				CLANG_WARN_BLOCK_CAPTURE_AUTORELEASING = YES;
				CLANG_WARN_BOOL_CONVERSION = YES;
				CLANG_WARN_COMMA = YES;
				CLANG_WARN_CONSTANT_CONVERSION = YES;
				CLANG_WARN_DIRECT_OBJC_ISA_USAGE = YES_ERROR;
				CLANG_WARN_DOCUMENTATION_COMMENTS = YES;
				CLANG_WARN_EMPTY_BODY = YES;
				CLANG_WARN_ENUM_CONVERSION = YES;
				CLANG_WARN_INFINITE_RECURSION = YES;
				CLANG_WARN_INT_CONVERSION = YES;
				CLANG_WARN_NON_LITERAL_NULL_CONVERSION = YES;
				CLANG_WARN_OBJC_LITERAL_CONVERSION = YES;
				CLANG_WARN_OBJC_ROOT_CLASS = YES_ERROR;
				CLANG_WARN_RANGE_LOOP_ANALYSIS = YES;
				CLANG_WARN_STRICT_PROTOTYPES = YES;
				CLANG_WARN_SUSPICIOUS_MOVE = YES;
				CLANG_WARN_UNGUARDED_AVAILABILITY = YES_AGGRESSIVE;
				CLANG_WARN_UNREACHABLE_CODE = YES;
				CLANG_WARN__DUPLICATE_METHOD_MATCH = YES;
				CODE_SIGN_IDENTITY = "iPhone Developer";
				COPY_PHASE_STRIP = NO;
				CURRENT_PROJECT_VERSION = 1;
				DEBUG_INFORMATION_FORMAT = "dwarf-with-dsym";
				ENABLE_NS_ASSERTIONS = NO;
				ENABLE_STRICT_OBJC_MSGSEND = YES;
				GCC_C_LANGUAGE_STANDARD = gnu11;
				GCC_NO_COMMON_BLOCKS = YES;
				GCC_WARN_64_TO_32_BIT_CONVERSION = YES;
				GCC_WARN_ABOUT_RETURN_TYPE = YES_ERROR;
				GCC_WARN_UNDECLARED_SELECTOR = YES;
				GCC_WARN_UNINITIALIZED_AUTOS = YES_AGGRESSIVE;
				GCC_WARN_UNUSED_FUNCTION = YES;
				GCC_WARN_UNUSED_VARIABLE = YES;
				IPHONEOS_DEPLOYMENT_TARGET = 10.0;
				MTL_ENABLE_DEBUG_INFO = NO;
				"OTHER_LDFLAGS[arch=*]" = "-WatchKit.framework";
				SDKROOT = iphoneos;
				SWIFT_OPTIMIZATION_LEVEL = "-Owholemodule";
				VALIDATE_PRODUCT = YES;
				VERSIONING_SYSTEM = "apple-generic";
				VERSION_INFO_PREFIX = "";
			};
			name = Release;
		};
		83DA75FD2065167600303D8F /* Debug */ = {
			isa = XCBuildConfiguration;
			buildSettings = {
				CLANG_ENABLE_MODULES = YES;
				CODE_SIGN_IDENTITY = "";
				CODE_SIGN_STYLE = Automatic;
				DEFINES_MODULE = YES;
				DEVELOPMENT_TEAM = P6TTE9K9RG;
				DYLIB_COMPATIBILITY_VERSION = 1;
				DYLIB_CURRENT_VERSION = 1;
				DYLIB_INSTALL_NAME_BASE = "@rpath";
				INFOPLIST_FILE = "$(SRCROOT)/Source/Info.plist";
				INSTALL_PATH = "$(LOCAL_LIBRARY_DIR)/Frameworks";
				LD_RUNPATH_SEARCH_PATHS = "$(inherited) @executable_path/Frameworks @loader_path/Frameworks";
				PRODUCT_BUNDLE_IDENTIFIER = "de.christoph-wendt.Capable";
				PRODUCT_NAME = "$(TARGET_NAME:c99extidentifier)";
				RESOURCES_TARGETED_DEVICE_FAMILY = "";
				SDKROOT = "";
				SKIP_INSTALL = YES;
				SUPPORTED_PLATFORMS = "iphoneos iphonesimulator appletvos appletvsimulator watchos watchsimulator";
				SWIFT_OPTIMIZATION_LEVEL = "-Onone";
				SWIFT_VERSION = 4.0;
				TARGETED_DEVICE_FAMILY = "1,2,3,4";
				TVOS_DEPLOYMENT_TARGET = 10.0;
				WATCHOS_DEPLOYMENT_TARGET = 3.0;
			};
			name = Debug;
		};
		83DA75FE2065167600303D8F /* Release */ = {
			isa = XCBuildConfiguration;
			buildSettings = {
				CLANG_ENABLE_MODULES = YES;
				CODE_SIGN_IDENTITY = "";
				CODE_SIGN_STYLE = Automatic;
				DEFINES_MODULE = YES;
				DEVELOPMENT_TEAM = P6TTE9K9RG;
				DYLIB_COMPATIBILITY_VERSION = 1;
				DYLIB_CURRENT_VERSION = 1;
				DYLIB_INSTALL_NAME_BASE = "@rpath";
				INFOPLIST_FILE = "$(SRCROOT)/Source/Info.plist";
				INSTALL_PATH = "$(LOCAL_LIBRARY_DIR)/Frameworks";
				LD_RUNPATH_SEARCH_PATHS = "$(inherited) @executable_path/Frameworks @loader_path/Frameworks";
				PRODUCT_BUNDLE_IDENTIFIER = "de.christoph-wendt.Capable";
				PRODUCT_NAME = "$(TARGET_NAME:c99extidentifier)";
				RESOURCES_TARGETED_DEVICE_FAMILY = "";
				SDKROOT = "";
				SKIP_INSTALL = YES;
				SUPPORTED_PLATFORMS = "iphoneos iphonesimulator appletvos appletvsimulator watchos watchsimulator";
				SWIFT_VERSION = 4.0;
				TARGETED_DEVICE_FAMILY = "1,2,3,4";
				TVOS_DEPLOYMENT_TARGET = 10.0;
				WATCHOS_DEPLOYMENT_TARGET = 3.0;
			};
			name = Release;
		};
		83DA76002065167600303D8F /* Debug */ = {
			isa = XCBuildConfiguration;
			buildSettings = {
				ALWAYS_EMBED_SWIFT_STANDARD_LIBRARIES = YES;
				CODE_SIGN_STYLE = Automatic;
				DEVELOPMENT_TEAM = P6TTE9K9RG;
				FRAMEWORK_SEARCH_PATHS = (
					"$(inherited)",
					"$(PROJECT_DIR)/Carthage/Build/iOS",
					"$(PROJECT_DIR)/Carthage/Build/tvOS",
				);
				"FRAMEWORK_SEARCH_PATHS[sdk=appletvos*]" = "$(SRCROOT)/Carthage/Build/tvOS";
				"FRAMEWORK_SEARCH_PATHS[sdk=appletvsimulator*]" = "$(SRCROOT)/Carthage/Build/tvOS";
				"FRAMEWORK_SEARCH_PATHS[sdk=iphoneos*]" = "$(SRCROOT)/Carthage/Build/iOS";
				"FRAMEWORK_SEARCH_PATHS[sdk=iphonesimulator*]" = "$(SRCROOT)/Carthage/Build/iOS";
				INFOPLIST_FILE = Tests/Info.plist;
				LD_RUNPATH_SEARCH_PATHS = "$(inherited) @executable_path/Frameworks @loader_path/Frameworks";
				PRODUCT_BUNDLE_IDENTIFIER = "de.christoph-wendt.CapableTests";
				PRODUCT_NAME = "$(TARGET_NAME)";
				SDKROOT = iphoneos11.2;
				SUPPORTED_PLATFORMS = "iphoneos iphonesimulator appletvos appletvsimulator";
				SWIFT_VERSION = 4.0;
				TARGETED_DEVICE_FAMILY = "1,2,3,4";
				TVOS_DEPLOYMENT_TARGET = 10.0;
				WATCHOS_DEPLOYMENT_TARGET = 2.0;
			};
			name = Debug;
		};
		83DA76012065167600303D8F /* Release */ = {
			isa = XCBuildConfiguration;
			buildSettings = {
				ALWAYS_EMBED_SWIFT_STANDARD_LIBRARIES = YES;
				CODE_SIGN_STYLE = Automatic;
				DEVELOPMENT_TEAM = P6TTE9K9RG;
				FRAMEWORK_SEARCH_PATHS = (
					"$(inherited)",
					"$(PROJECT_DIR)/Carthage/Build/iOS",
					"$(PROJECT_DIR)/Carthage/Build/tvOS",
				);
				"FRAMEWORK_SEARCH_PATHS[sdk=appletvos*]" = "$(SRCROOT)/Carthage/Build/tvOS";
				"FRAMEWORK_SEARCH_PATHS[sdk=appletvsimulator*]" = "$(SRCROOT)/Carthage/Build/tvOS";
				"FRAMEWORK_SEARCH_PATHS[sdk=iphoneos*]" = "$(SRCROOT)/Carthage/Build/iOS";
				"FRAMEWORK_SEARCH_PATHS[sdk=iphonesimulator*]" = "$(SRCROOT)/Carthage/Build/iOS";
				INFOPLIST_FILE = Tests/Info.plist;
				LD_RUNPATH_SEARCH_PATHS = "$(inherited) @executable_path/Frameworks @loader_path/Frameworks";
				PRODUCT_BUNDLE_IDENTIFIER = "de.christoph-wendt.CapableTests";
				PRODUCT_NAME = "$(TARGET_NAME)";
				SDKROOT = "";
				SUPPORTED_PLATFORMS = "iphoneos iphonesimulator appletvos appletvsimulator";
				SWIFT_VERSION = 4.0;
				TARGETED_DEVICE_FAMILY = "1,2,3,4";
				TVOS_DEPLOYMENT_TARGET = 10.0;
				WATCHOS_DEPLOYMENT_TARGET = 2.0;
			};
			name = Release;
		};
/* End XCBuildConfiguration section */

/* Begin XCConfigurationList section */
		83DA75E22065167600303D8F /* Build configuration list for PBXProject "Capable" */ = {
			isa = XCConfigurationList;
			buildConfigurations = (
				83DA75FA2065167600303D8F /* Debug */,
				83DA75FB2065167600303D8F /* Release */,
			);
			defaultConfigurationIsVisible = 0;
			defaultConfigurationName = Release;
		};
		83DA75FC2065167600303D8F /* Build configuration list for PBXNativeTarget "Capable" */ = {
			isa = XCConfigurationList;
			buildConfigurations = (
				83DA75FD2065167600303D8F /* Debug */,
				83DA75FE2065167600303D8F /* Release */,
			);
			defaultConfigurationIsVisible = 0;
			defaultConfigurationName = Release;
		};
		83DA75FF2065167600303D8F /* Build configuration list for PBXNativeTarget "CapableTests" */ = {
			isa = XCConfigurationList;
			buildConfigurations = (
				83DA76002065167600303D8F /* Debug */,
				83DA76012065167600303D8F /* Release */,
			);
			defaultConfigurationIsVisible = 0;
			defaultConfigurationName = Release;
		};
/* End XCConfigurationList section */
	};
	rootObject = 83DA75DF2065167600303D8F /* Project object */;
}
